// !$*UTF8*$!
{
	archiveVersion = 1;
	classes = {
	};
	objectVersion = 46;
	objects = {

/* Begin PBXBuildFile section */
		190A80521CA8CBDD00411705 /* HBBFriendTrendsViewController.m in Sources */ = {isa = PBXBuildFile; fileRef = 190A800B1CA8CBDD00411705 /* HBBFriendTrendsViewController.m */; };
		190A80531CA8CBDD00411705 /* HBBFriendTrendsViewController.xib in Resources */ = {isa = PBXBuildFile; fileRef = 190A800C1CA8CBDD00411705 /* HBBFriendTrendsViewController.xib */; };
		190A80541CA8CBDD00411705 /* HBBLoginRegisterViewController.m in Sources */ = {isa = PBXBuildFile; fileRef = 190A800E1CA8CBDD00411705 /* HBBLoginRegisterViewController.m */; };
		190A80551CA8CBDD00411705 /* HBBLoginRegisterViewController.xib in Resources */ = {isa = PBXBuildFile; fileRef = 190A800F1CA8CBDD00411705 /* HBBLoginRegisterViewController.xib */; };
		190A80561CA8CBDD00411705 /* HBBRecomandViewController.m in Sources */ = {isa = PBXBuildFile; fileRef = 190A80111CA8CBDD00411705 /* HBBRecomandViewController.m */; };
		190A80571CA8CBDD00411705 /* HBBRecomandViewController.xib in Resources */ = {isa = PBXBuildFile; fileRef = 190A80121CA8CBDD00411705 /* HBBRecomandViewController.xib */; };
		190A80581CA8CBDD00411705 /* HBBRecomandCategory.m in Sources */ = {isa = PBXBuildFile; fileRef = 190A80151CA8CBDD00411705 /* HBBRecomandCategory.m */; };
		190A80591CA8CBDD00411705 /* HBBRecommendUser.m in Sources */ = {isa = PBXBuildFile; fileRef = 190A80171CA8CBDD00411705 /* HBBRecommendUser.m */; };
		190A805A1CA8CBDD00411705 /* HBBPlaceholder.m in Sources */ = {isa = PBXBuildFile; fileRef = 190A801A1CA8CBDD00411705 /* HBBPlaceholder.m */; };
		190A805B1CA8CBDD00411705 /* HBBRecomandCategoryCell.m in Sources */ = {isa = PBXBuildFile; fileRef = 190A801C1CA8CBDD00411705 /* HBBRecomandCategoryCell.m */; };
		190A805C1CA8CBDD00411705 /* HBBRecomandCategoryCell.xib in Resources */ = {isa = PBXBuildFile; fileRef = 190A801D1CA8CBDD00411705 /* HBBRecomandCategoryCell.xib */; };
		190A805D1CA8CBDD00411705 /* HBBReconmandUserCell.m in Sources */ = {isa = PBXBuildFile; fileRef = 190A801F1CA8CBDD00411705 /* HBBReconmandUserCell.m */; };
		190A805E1CA8CBDD00411705 /* HBBReconmandUserCell.xib in Resources */ = {isa = PBXBuildFile; fileRef = 190A80201CA8CBDD00411705 /* HBBReconmandUserCell.xib */; };
		190A805F1CA8CBDD00411705 /* HBBVerticalButton.m in Sources */ = {isa = PBXBuildFile; fileRef = 190A80221CA8CBDD00411705 /* HBBVerticalButton.m */; };
		190A80601CA8CBDD00411705 /* HBBMeViewController.m in Sources */ = {isa = PBXBuildFile; fileRef = 190A80261CA8CBDD00411705 /* HBBMeViewController.m */; };
		190A80611CA8CBDD00411705 /* HBBNewViewController.m in Sources */ = {isa = PBXBuildFile; fileRef = 190A802C1CA8CBDD00411705 /* HBBNewViewController.m */; };
		190A80621CA8CBDD00411705 /* AppDelegate.m in Sources */ = {isa = PBXBuildFile; fileRef = 190A80311CA8CBDD00411705 /* AppDelegate.m */; };
		190A80631CA8CBDD00411705 /* NSDate+HBBNSDate.m in Sources */ = {isa = PBXBuildFile; fileRef = 190A80341CA8CBDD00411705 /* NSDate+HBBNSDate.m */; };
		190A80641CA8CBDD00411705 /* UIBarButtonItem+HBBBarButtonItemExtension.m in Sources */ = {isa = PBXBuildFile; fileRef = 190A80361CA8CBDD00411705 /* UIBarButtonItem+HBBBarButtonItemExtension.m */; };
		190A80651CA8CBDD00411705 /* UIView+HBBPropertyExtension.m in Sources */ = {isa = PBXBuildFile; fileRef = 190A80381CA8CBDD00411705 /* UIView+HBBPropertyExtension.m */; };
		190A80661CA8CBDD00411705 /* HBBNavigationController.m in Sources */ = {isa = PBXBuildFile; fileRef = 190A803B1CA8CBDD00411705 /* HBBNavigationController.m */; };
		190A80671CA8CBDD00411705 /* HBBTabBarController.m in Sources */ = {isa = PBXBuildFile; fileRef = 190A803D1CA8CBDD00411705 /* HBBTabBarController.m */; };
		190A80681CA8CBDD00411705 /* HBBConst.m in Sources */ = {isa = PBXBuildFile; fileRef = 190A803F1CA8CBDD00411705 /* HBBConst.m */; };
		190A80691CA8CBDD00411705 /* main.m in Sources */ = {isa = PBXBuildFile; fileRef = 190A80401CA8CBDD00411705 /* main.m */; };
		190A806A1CA8CBDD00411705 /* HBBPushGuideView.m in Sources */ = {isa = PBXBuildFile; fileRef = 190A80441CA8CBDD00411705 /* HBBPushGuideView.m */; };
		190A806B1CA8CBDD00411705 /* HBBPushGuideView.xib in Resources */ = {isa = PBXBuildFile; fileRef = 190A80451CA8CBDD00411705 /* HBBPushGuideView.xib */; };
		190A806C1CA8CBDD00411705 /* HBBTabBar.m in Sources */ = {isa = PBXBuildFile; fileRef = 190A80471CA8CBDD00411705 /* HBBTabBar.m */; };
		191218571D1133BF00060DB1 /* UIImage+HBBImageMask.m in Sources */ = {isa = PBXBuildFile; fileRef = 191218561D1133BF00060DB1 /* UIImage+HBBImageMask.m */; };
		1912185A1D11343B00060DB1 /* HBBTopWindow.m in Sources */ = {isa = PBXBuildFile; fileRef = 191218591D11343B00060DB1 /* HBBTopWindow.m */; };
		191218691D113A8000060DB1 /* HBBAddTagViewController.m in Sources */ = {isa = PBXBuildFile; fileRef = 191218631D113A8000060DB1 /* HBBAddTagViewController.m */; };
		1912186A1D113A8000060DB1 /* HBBPostWordViewController.m in Sources */ = {isa = PBXBuildFile; fileRef = 191218651D113A8000060DB1 /* HBBPostWordViewController.m */; };
		1912186B1D113A8000060DB1 /* HBBPublicViewController.m in Sources */ = {isa = PBXBuildFile; fileRef = 191218671D113A8000060DB1 /* HBBPublicViewController.m */; };
		1912186C1D113A8000060DB1 /* HBBPublicViewController.xib in Resources */ = {isa = PBXBuildFile; fileRef = 191218681D113A8000060DB1 /* HBBPublicViewController.xib */; };
		191218761D113A8D00060DB1 /* HBBAddTagToolbar.m in Sources */ = {isa = PBXBuildFile; fileRef = 1912186E1D113A8D00060DB1 /* HBBAddTagToolbar.m */; };
		191218771D113A8D00060DB1 /* HBBAddTagToolbar.xib in Resources */ = {isa = PBXBuildFile; fileRef = 1912186F1D113A8D00060DB1 /* HBBAddTagToolbar.xib */; };
		191218781D113A8D00060DB1 /* HBBPlaceHolderTextView.m in Sources */ = {isa = PBXBuildFile; fileRef = 191218711D113A8D00060DB1 /* HBBPlaceHolderTextView.m */; };
		191218791D113A8D00060DB1 /* HBBTagButton.m in Sources */ = {isa = PBXBuildFile; fileRef = 191218731D113A8D00060DB1 /* HBBTagButton.m */; };
		1912187A1D113A8D00060DB1 /* HBBTagTextField.m in Sources */ = {isa = PBXBuildFile; fileRef = 191218751D113A8D00060DB1 /* HBBTagTextField.m */; };
		19928CE61D2229AB00EA69F9 /* HBBMeWebViewController.m in Sources */ = {isa = PBXBuildFile; fileRef = 19928CE41D2229AB00EA69F9 /* HBBMeWebViewController.m */; };
		19928CE71D2229AB00EA69F9 /* HBBMeWebViewController.xib in Resources */ = {isa = PBXBuildFile; fileRef = 19928CE51D2229AB00EA69F9 /* HBBMeWebViewController.xib */; };
		19928CEA1D222A1B00EA69F9 /* HBBMeTableViewCell.m in Sources */ = {isa = PBXBuildFile; fileRef = 19928CE91D222A1B00EA69F9 /* HBBMeTableViewCell.m */; };
		19928CED1D222A3700EA69F9 /* HBBMeFooterView.m in Sources */ = {isa = PBXBuildFile; fileRef = 19928CEC1D222A3700EA69F9 /* HBBMeFooterView.m */; };
		19928CF01D222A6700EA69F9 /* HBBSquareButton.m in Sources */ = {isa = PBXBuildFile; fileRef = 19928CEF1D222A6700EA69F9 /* HBBSquareButton.m */; };
		19928CF31D222A8E00EA69F9 /* HBBSettingViewController.m in Sources */ = {isa = PBXBuildFile; fileRef = 19928CF21D222A8E00EA69F9 /* HBBSettingViewController.m */; };
		19928CF61D2259EB00EA69F9 /* HBBSquare.m in Sources */ = {isa = PBXBuildFile; fileRef = 19928CF51D2259EB00EA69F9 /* HBBSquare.m */; };
		19AC9C8E1D153A4400E82C6D /* HBBCommentViewController.m in Sources */ = {isa = PBXBuildFile; fileRef = 19AC9C831D153A4400E82C6D /* HBBCommentViewController.m */; };
		19AC9C8F1D153A4400E82C6D /* HBBCommentViewController.xib in Resources */ = {isa = PBXBuildFile; fileRef = 19AC9C841D153A4400E82C6D /* HBBCommentViewController.xib */; };
		19AC9C901D153A4400E82C6D /* HBBEssenceBaseTableViewController.m in Sources */ = {isa = PBXBuildFile; fileRef = 19AC9C861D153A4400E82C6D /* HBBEssenceBaseTableViewController.m */; };
		19AC9C911D153A4400E82C6D /* HBBEssenceViewController.m in Sources */ = {isa = PBXBuildFile; fileRef = 19AC9C881D153A4400E82C6D /* HBBEssenceViewController.m */; };
		19AC9C921D153A4400E82C6D /* HBBRecommendTagsViewController.m in Sources */ = {isa = PBXBuildFile; fileRef = 19AC9C8A1D153A4400E82C6D /* HBBRecommendTagsViewController.m */; };
		19AC9C931D153A4400E82C6D /* HBBShowBigPictureViewController.m in Sources */ = {isa = PBXBuildFile; fileRef = 19AC9C8C1D153A4400E82C6D /* HBBShowBigPictureViewController.m */; };
		19AC9C941D153A4400E82C6D /* HBBShowBigPictureViewController.xib in Resources */ = {isa = PBXBuildFile; fileRef = 19AC9C8D1D153A4400E82C6D /* HBBShowBigPictureViewController.xib */; };
		19AC9C9D1D153A7B00E82C6D /* HBBEssenceComment.m in Sources */ = {isa = PBXBuildFile; fileRef = 19AC9C961D153A7B00E82C6D /* HBBEssenceComment.m */; };
		19AC9C9E1D153A7B00E82C6D /* HBBEssenceTopic.m in Sources */ = {isa = PBXBuildFile; fileRef = 19AC9C981D153A7B00E82C6D /* HBBEssenceTopic.m */; };
		19AC9C9F1D153A7B00E82C6D /* HBBEssenceUser.m in Sources */ = {isa = PBXBuildFile; fileRef = 19AC9C9A1D153A7B00E82C6D /* HBBEssenceUser.m */; };
		19AC9CA01D153A7B00E82C6D /* HBBRecommendTag.m in Sources */ = {isa = PBXBuildFile; fileRef = 19AC9C9C1D153A7B00E82C6D /* HBBRecommendTag.m */; };
		19AC9CB71D153A9000E82C6D /* HBBEssenceCommentCell.m in Sources */ = {isa = PBXBuildFile; fileRef = 19AC9CA21D153A9000E82C6D /* HBBEssenceCommentCell.m */; };
		19AC9CB81D153A9000E82C6D /* HBBEssenceCommentCell.xib in Resources */ = {isa = PBXBuildFile; fileRef = 19AC9CA31D153A9000E82C6D /* HBBEssenceCommentCell.xib */; };
		19AC9CB91D153A9000E82C6D /* HBBEssenceCommentHeaderView.m in Sources */ = {isa = PBXBuildFile; fileRef = 19AC9CA51D153A9000E82C6D /* HBBEssenceCommentHeaderView.m */; };
		19AC9CBA1D153A9000E82C6D /* HBBEssenceTopicCell.m in Sources */ = {isa = PBXBuildFile; fileRef = 19AC9CA71D153A9000E82C6D /* HBBEssenceTopicCell.m */; };
		19AC9CBB1D153A9000E82C6D /* HBBEssenceTopicCell.xib in Resources */ = {isa = PBXBuildFile; fileRef = 19AC9CA81D153A9000E82C6D /* HBBEssenceTopicCell.xib */; };
		19AC9CBC1D153A9000E82C6D /* HBBEssenceTopicPictureView.m in Sources */ = {isa = PBXBuildFile; fileRef = 19AC9CAA1D153A9000E82C6D /* HBBEssenceTopicPictureView.m */; };
		19AC9CBD1D153A9000E82C6D /* HBBEssenceTopicPictureView.xib in Resources */ = {isa = PBXBuildFile; fileRef = 19AC9CAB1D153A9000E82C6D /* HBBEssenceTopicPictureView.xib */; };
		19AC9CBE1D153A9000E82C6D /* HBBEssenceTopicVideoView.m in Sources */ = {isa = PBXBuildFile; fileRef = 19AC9CAD1D153A9000E82C6D /* HBBEssenceTopicVideoView.m */; };
		19AC9CBF1D153A9000E82C6D /* HBBEssenceTopicVideoView.xib in Resources */ = {isa = PBXBuildFile; fileRef = 19AC9CAE1D153A9000E82C6D /* HBBEssenceTopicVideoView.xib */; };
		19AC9CC01D153A9000E82C6D /* HBBEssenceTopicVoiceView.m in Sources */ = {isa = PBXBuildFile; fileRef = 19AC9CB01D153A9000E82C6D /* HBBEssenceTopicVoiceView.m */; };
		19AC9CC11D153A9000E82C6D /* HBBEssenceTopicVoiceView.xib in Resources */ = {isa = PBXBuildFile; fileRef = 19AC9CB11D153A9000E82C6D /* HBBEssenceTopicVoiceView.xib */; };
		19AC9CC21D153A9000E82C6D /* HBBProgressView.m in Sources */ = {isa = PBXBuildFile; fileRef = 19AC9CB31D153A9000E82C6D /* HBBProgressView.m */; };
		19AC9CC31D153A9000E82C6D /* HBBRecommandTagCell.m in Sources */ = {isa = PBXBuildFile; fileRef = 19AC9CB51D153A9000E82C6D /* HBBRecommandTagCell.m */; };
		19AC9CC41D153A9000E82C6D /* HBBRecommandTagCell.xib in Resources */ = {isa = PBXBuildFile; fileRef = 19AC9CB61D153A9000E82C6D /* HBBRecommandTagCell.xib */; };
		2D2A546010F86ED7C6D8D630 /* libPods.a in Frameworks */ = {isa = PBXBuildFile; fileRef = 9B8460F6B6373B529B360F14 /* libPods.a */; };
		3FF0AA141C97A95F00D39D67 /* amazingJ.xcdatamodeld in Sources */ = {isa = PBXBuildFile; fileRef = 3FF0AA121C97A95F00D39D67 /* amazingJ.xcdatamodeld */; };
		3FF0AA211C97CBD900D39D67 /* Assets.xcassets in Resources */ = {isa = PBXBuildFile; fileRef = 3FF0AA201C97CBD900D39D67 /* Assets.xcassets */; };
/* End PBXBuildFile section */

/* Begin PBXFileReference section */
		0669AE8223E5404C2B41E9C2 /* Pods.release.xcconfig */ = {isa = PBXFileReference; includeInIndex = 1; lastKnownFileType = text.xcconfig; name = Pods.release.xcconfig; path = "Pods/Target Support Files/Pods/Pods.release.xcconfig"; sourceTree = "<group>"; };
		190A800A1CA8CBDD00411705 /* HBBFriendTrendsViewController.h */ = {isa = PBXFileReference; fileEncoding = 4; lastKnownFileType = sourcecode.c.h; path = HBBFriendTrendsViewController.h; sourceTree = "<group>"; };
		190A800B1CA8CBDD00411705 /* HBBFriendTrendsViewController.m */ = {isa = PBXFileReference; fileEncoding = 4; lastKnownFileType = sourcecode.c.objc; path = HBBFriendTrendsViewController.m; sourceTree = "<group>"; };
		190A800C1CA8CBDD00411705 /* HBBFriendTrendsViewController.xib */ = {isa = PBXFileReference; fileEncoding = 4; lastKnownFileType = file.xib; path = HBBFriendTrendsViewController.xib; sourceTree = "<group>"; };
		190A800D1CA8CBDD00411705 /* HBBLoginRegisterViewController.h */ = {isa = PBXFileReference; fileEncoding = 4; lastKnownFileType = sourcecode.c.h; path = HBBLoginRegisterViewController.h; sourceTree = "<group>"; };
		190A800E1CA8CBDD00411705 /* HBBLoginRegisterViewController.m */ = {isa = PBXFileReference; fileEncoding = 4; lastKnownFileType = sourcecode.c.objc; path = HBBLoginRegisterViewController.m; sourceTree = "<group>"; };
		190A800F1CA8CBDD00411705 /* HBBLoginRegisterViewController.xib */ = {isa = PBXFileReference; fileEncoding = 4; lastKnownFileType = file.xib; path = HBBLoginRegisterViewController.xib; sourceTree = "<group>"; };
		190A80101CA8CBDD00411705 /* HBBRecomandViewController.h */ = {isa = PBXFileReference; fileEncoding = 4; lastKnownFileType = sourcecode.c.h; path = HBBRecomandViewController.h; sourceTree = "<group>"; };
		190A80111CA8CBDD00411705 /* HBBRecomandViewController.m */ = {isa = PBXFileReference; fileEncoding = 4; lastKnownFileType = sourcecode.c.objc; path = HBBRecomandViewController.m; sourceTree = "<group>"; };
		190A80121CA8CBDD00411705 /* HBBRecomandViewController.xib */ = {isa = PBXFileReference; fileEncoding = 4; lastKnownFileType = file.xib; path = HBBRecomandViewController.xib; sourceTree = "<group>"; };
		190A80141CA8CBDD00411705 /* HBBRecomandCategory.h */ = {isa = PBXFileReference; fileEncoding = 4; lastKnownFileType = sourcecode.c.h; path = HBBRecomandCategory.h; sourceTree = "<group>"; };
		190A80151CA8CBDD00411705 /* HBBRecomandCategory.m */ = {isa = PBXFileReference; fileEncoding = 4; lastKnownFileType = sourcecode.c.objc; path = HBBRecomandCategory.m; sourceTree = "<group>"; };
		190A80161CA8CBDD00411705 /* HBBRecommendUser.h */ = {isa = PBXFileReference; fileEncoding = 4; lastKnownFileType = sourcecode.c.h; path = HBBRecommendUser.h; sourceTree = "<group>"; };
		190A80171CA8CBDD00411705 /* HBBRecommendUser.m */ = {isa = PBXFileReference; fileEncoding = 4; lastKnownFileType = sourcecode.c.objc; path = HBBRecommendUser.m; sourceTree = "<group>"; };
		190A80191CA8CBDD00411705 /* HBBPlaceholder.h */ = {isa = PBXFileReference; fileEncoding = 4; lastKnownFileType = sourcecode.c.h; path = HBBPlaceholder.h; sourceTree = "<group>"; };
		190A801A1CA8CBDD00411705 /* HBBPlaceholder.m */ = {isa = PBXFileReference; fileEncoding = 4; lastKnownFileType = sourcecode.c.objc; path = HBBPlaceholder.m; sourceTree = "<group>"; };
		190A801B1CA8CBDD00411705 /* HBBRecomandCategoryCell.h */ = {isa = PBXFileReference; fileEncoding = 4; lastKnownFileType = sourcecode.c.h; path = HBBRecomandCategoryCell.h; sourceTree = "<group>"; };
		190A801C1CA8CBDD00411705 /* HBBRecomandCategoryCell.m */ = {isa = PBXFileReference; fileEncoding = 4; lastKnownFileType = sourcecode.c.objc; path = HBBRecomandCategoryCell.m; sourceTree = "<group>"; };
		190A801D1CA8CBDD00411705 /* HBBRecomandCategoryCell.xib */ = {isa = PBXFileReference; fileEncoding = 4; lastKnownFileType = file.xib; path = HBBRecomandCategoryCell.xib; sourceTree = "<group>"; };
		190A801E1CA8CBDD00411705 /* HBBReconmandUserCell.h */ = {isa = PBXFileReference; fileEncoding = 4; lastKnownFileType = sourcecode.c.h; path = HBBReconmandUserCell.h; sourceTree = "<group>"; };
		190A801F1CA8CBDD00411705 /* HBBReconmandUserCell.m */ = {isa = PBXFileReference; fileEncoding = 4; lastKnownFileType = sourcecode.c.objc; path = HBBReconmandUserCell.m; sourceTree = "<group>"; };
		190A80201CA8CBDD00411705 /* HBBReconmandUserCell.xib */ = {isa = PBXFileReference; fileEncoding = 4; lastKnownFileType = file.xib; path = HBBReconmandUserCell.xib; sourceTree = "<group>"; };
		190A80211CA8CBDD00411705 /* HBBVerticalButton.h */ = {isa = PBXFileReference; fileEncoding = 4; lastKnownFileType = sourcecode.c.h; path = HBBVerticalButton.h; sourceTree = "<group>"; };
		190A80221CA8CBDD00411705 /* HBBVerticalButton.m */ = {isa = PBXFileReference; fileEncoding = 4; lastKnownFileType = sourcecode.c.objc; path = HBBVerticalButton.m; sourceTree = "<group>"; };
		190A80251CA8CBDD00411705 /* HBBMeViewController.h */ = {isa = PBXFileReference; fileEncoding = 4; lastKnownFileType = sourcecode.c.h; path = HBBMeViewController.h; sourceTree = "<group>"; };
		190A80261CA8CBDD00411705 /* HBBMeViewController.m */ = {isa = PBXFileReference; fileEncoding = 4; lastKnownFileType = sourcecode.c.objc; path = HBBMeViewController.m; sourceTree = "<group>"; };
		190A802B1CA8CBDD00411705 /* HBBNewViewController.h */ = {isa = PBXFileReference; fileEncoding = 4; lastKnownFileType = sourcecode.c.h; path = HBBNewViewController.h; sourceTree = "<group>"; };
		190A802C1CA8CBDD00411705 /* HBBNewViewController.m */ = {isa = PBXFileReference; fileEncoding = 4; lastKnownFileType = sourcecode.c.objc; path = HBBNewViewController.m; sourceTree = "<group>"; };
		190A80301CA8CBDD00411705 /* AppDelegate.h */ = {isa = PBXFileReference; fileEncoding = 4; lastKnownFileType = sourcecode.c.h; path = AppDelegate.h; sourceTree = "<group>"; };
		190A80311CA8CBDD00411705 /* AppDelegate.m */ = {isa = PBXFileReference; fileEncoding = 4; lastKnownFileType = sourcecode.c.objc; path = AppDelegate.m; sourceTree = "<group>"; };
		190A80331CA8CBDD00411705 /* NSDate+HBBNSDate.h */ = {isa = PBXFileReference; fileEncoding = 4; lastKnownFileType = sourcecode.c.h; path = "NSDate+HBBNSDate.h"; sourceTree = "<group>"; };
		190A80341CA8CBDD00411705 /* NSDate+HBBNSDate.m */ = {isa = PBXFileReference; fileEncoding = 4; lastKnownFileType = sourcecode.c.objc; path = "NSDate+HBBNSDate.m"; sourceTree = "<group>"; };
		190A80351CA8CBDD00411705 /* UIBarButtonItem+HBBBarButtonItemExtension.h */ = {isa = PBXFileReference; fileEncoding = 4; lastKnownFileType = sourcecode.c.h; path = "UIBarButtonItem+HBBBarButtonItemExtension.h"; sourceTree = "<group>"; };
		190A80361CA8CBDD00411705 /* UIBarButtonItem+HBBBarButtonItemExtension.m */ = {isa = PBXFileReference; fileEncoding = 4; lastKnownFileType = sourcecode.c.objc; path = "UIBarButtonItem+HBBBarButtonItemExtension.m"; sourceTree = "<group>"; };
		190A80371CA8CBDD00411705 /* UIView+HBBPropertyExtension.h */ = {isa = PBXFileReference; fileEncoding = 4; lastKnownFileType = sourcecode.c.h; path = "UIView+HBBPropertyExtension.h"; sourceTree = "<group>"; };
		190A80381CA8CBDD00411705 /* UIView+HBBPropertyExtension.m */ = {isa = PBXFileReference; fileEncoding = 4; lastKnownFileType = sourcecode.c.objc; path = "UIView+HBBPropertyExtension.m"; sourceTree = "<group>"; };
		190A803A1CA8CBDD00411705 /* HBBNavigationController.h */ = {isa = PBXFileReference; fileEncoding = 4; lastKnownFileType = sourcecode.c.h; path = HBBNavigationController.h; sourceTree = "<group>"; };
		190A803B1CA8CBDD00411705 /* HBBNavigationController.m */ = {isa = PBXFileReference; fileEncoding = 4; lastKnownFileType = sourcecode.c.objc; path = HBBNavigationController.m; sourceTree = "<group>"; };
		190A803C1CA8CBDD00411705 /* HBBTabBarController.h */ = {isa = PBXFileReference; fileEncoding = 4; lastKnownFileType = sourcecode.c.h; path = HBBTabBarController.h; sourceTree = "<group>"; };
		190A803D1CA8CBDD00411705 /* HBBTabBarController.m */ = {isa = PBXFileReference; fileEncoding = 4; lastKnownFileType = sourcecode.c.objc; path = HBBTabBarController.m; sourceTree = "<group>"; };
		190A803E1CA8CBDD00411705 /* HBBConst.h */ = {isa = PBXFileReference; fileEncoding = 4; lastKnownFileType = sourcecode.c.h; path = HBBConst.h; sourceTree = "<group>"; };
		190A803F1CA8CBDD00411705 /* HBBConst.m */ = {isa = PBXFileReference; fileEncoding = 4; lastKnownFileType = sourcecode.c.objc; path = HBBConst.m; sourceTree = "<group>"; };
		190A80401CA8CBDD00411705 /* main.m */ = {isa = PBXFileReference; fileEncoding = 4; lastKnownFileType = sourcecode.c.objc; path = main.m; sourceTree = "<group>"; };
		190A80411CA8CBDD00411705 /* PrefixHeader.pch */ = {isa = PBXFileReference; fileEncoding = 4; lastKnownFileType = sourcecode.c.h; path = PrefixHeader.pch; sourceTree = "<group>"; };
		190A80431CA8CBDD00411705 /* HBBPushGuideView.h */ = {isa = PBXFileReference; fileEncoding = 4; lastKnownFileType = sourcecode.c.h; path = HBBPushGuideView.h; sourceTree = "<group>"; };
		190A80441CA8CBDD00411705 /* HBBPushGuideView.m */ = {isa = PBXFileReference; fileEncoding = 4; lastKnownFileType = sourcecode.c.objc; path = HBBPushGuideView.m; sourceTree = "<group>"; };
		190A80451CA8CBDD00411705 /* HBBPushGuideView.xib */ = {isa = PBXFileReference; fileEncoding = 4; lastKnownFileType = file.xib; path = HBBPushGuideView.xib; sourceTree = "<group>"; };
		190A80461CA8CBDD00411705 /* HBBTabBar.h */ = {isa = PBXFileReference; fileEncoding = 4; lastKnownFileType = sourcecode.c.h; path = HBBTabBar.h; sourceTree = "<group>"; };
		190A80471CA8CBDD00411705 /* HBBTabBar.m */ = {isa = PBXFileReference; fileEncoding = 4; lastKnownFileType = sourcecode.c.objc; path = HBBTabBar.m; sourceTree = "<group>"; };
		191218551D1133BF00060DB1 /* UIImage+HBBImageMask.h */ = {isa = PBXFileReference; fileEncoding = 4; lastKnownFileType = sourcecode.c.h; path = "UIImage+HBBImageMask.h"; sourceTree = "<group>"; };
		191218561D1133BF00060DB1 /* UIImage+HBBImageMask.m */ = {isa = PBXFileReference; fileEncoding = 4; lastKnownFileType = sourcecode.c.objc; path = "UIImage+HBBImageMask.m"; sourceTree = "<group>"; };
		191218581D11343B00060DB1 /* HBBTopWindow.h */ = {isa = PBXFileReference; fileEncoding = 4; lastKnownFileType = sourcecode.c.h; path = HBBTopWindow.h; sourceTree = "<group>"; };
		191218591D11343B00060DB1 /* HBBTopWindow.m */ = {isa = PBXFileReference; fileEncoding = 4; lastKnownFileType = sourcecode.c.objc; path = HBBTopWindow.m; sourceTree = "<group>"; };
		191218621D113A8000060DB1 /* HBBAddTagViewController.h */ = {isa = PBXFileReference; fileEncoding = 4; lastKnownFileType = sourcecode.c.h; path = HBBAddTagViewController.h; sourceTree = "<group>"; };
		191218631D113A8000060DB1 /* HBBAddTagViewController.m */ = {isa = PBXFileReference; fileEncoding = 4; lastKnownFileType = sourcecode.c.objc; path = HBBAddTagViewController.m; sourceTree = "<group>"; };
		191218641D113A8000060DB1 /* HBBPostWordViewController.h */ = {isa = PBXFileReference; fileEncoding = 4; lastKnownFileType = sourcecode.c.h; path = HBBPostWordViewController.h; sourceTree = "<group>"; };
		191218651D113A8000060DB1 /* HBBPostWordViewController.m */ = {isa = PBXFileReference; fileEncoding = 4; lastKnownFileType = sourcecode.c.objc; path = HBBPostWordViewController.m; sourceTree = "<group>"; };
		191218661D113A8000060DB1 /* HBBPublicViewController.h */ = {isa = PBXFileReference; fileEncoding = 4; lastKnownFileType = sourcecode.c.h; path = HBBPublicViewController.h; sourceTree = "<group>"; };
		191218671D113A8000060DB1 /* HBBPublicViewController.m */ = {isa = PBXFileReference; fileEncoding = 4; lastKnownFileType = sourcecode.c.objc; path = HBBPublicViewController.m; sourceTree = "<group>"; };
		191218681D113A8000060DB1 /* HBBPublicViewController.xib */ = {isa = PBXFileReference; fileEncoding = 4; lastKnownFileType = file.xib; path = HBBPublicViewController.xib; sourceTree = "<group>"; };
		1912186D1D113A8D00060DB1 /* HBBAddTagToolbar.h */ = {isa = PBXFileReference; fileEncoding = 4; lastKnownFileType = sourcecode.c.h; path = HBBAddTagToolbar.h; sourceTree = "<group>"; };
		1912186E1D113A8D00060DB1 /* HBBAddTagToolbar.m */ = {isa = PBXFileReference; fileEncoding = 4; lastKnownFileType = sourcecode.c.objc; path = HBBAddTagToolbar.m; sourceTree = "<group>"; };
		1912186F1D113A8D00060DB1 /* HBBAddTagToolbar.xib */ = {isa = PBXFileReference; fileEncoding = 4; lastKnownFileType = file.xib; path = HBBAddTagToolbar.xib; sourceTree = "<group>"; };
		191218701D113A8D00060DB1 /* HBBPlaceHolderTextView.h */ = {isa = PBXFileReference; fileEncoding = 4; lastKnownFileType = sourcecode.c.h; path = HBBPlaceHolderTextView.h; sourceTree = "<group>"; };
		191218711D113A8D00060DB1 /* HBBPlaceHolderTextView.m */ = {isa = PBXFileReference; fileEncoding = 4; lastKnownFileType = sourcecode.c.objc; path = HBBPlaceHolderTextView.m; sourceTree = "<group>"; };
		191218721D113A8D00060DB1 /* HBBTagButton.h */ = {isa = PBXFileReference; fileEncoding = 4; lastKnownFileType = sourcecode.c.h; path = HBBTagButton.h; sourceTree = "<group>"; };
		191218731D113A8D00060DB1 /* HBBTagButton.m */ = {isa = PBXFileReference; fileEncoding = 4; lastKnownFileType = sourcecode.c.objc; path = HBBTagButton.m; sourceTree = "<group>"; };
		191218741D113A8D00060DB1 /* HBBTagTextField.h */ = {isa = PBXFileReference; fileEncoding = 4; lastKnownFileType = sourcecode.c.h; path = HBBTagTextField.h; sourceTree = "<group>"; };
		191218751D113A8D00060DB1 /* HBBTagTextField.m */ = {isa = PBXFileReference; fileEncoding = 4; lastKnownFileType = sourcecode.c.objc; path = HBBTagTextField.m; sourceTree = "<group>"; };
		19928CE31D2229AB00EA69F9 /* HBBMeWebViewController.h */ = {isa = PBXFileReference; fileEncoding = 4; lastKnownFileType = sourcecode.c.h; path = HBBMeWebViewController.h; sourceTree = "<group>"; };
		19928CE41D2229AB00EA69F9 /* HBBMeWebViewController.m */ = {isa = PBXFileReference; fileEncoding = 4; lastKnownFileType = sourcecode.c.objc; path = HBBMeWebViewController.m; sourceTree = "<group>"; };
		19928CE51D2229AB00EA69F9 /* HBBMeWebViewController.xib */ = {isa = PBXFileReference; fileEncoding = 4; lastKnownFileType = file.xib; path = HBBMeWebViewController.xib; sourceTree = "<group>"; };
		19928CE81D222A1B00EA69F9 /* HBBMeTableViewCell.h */ = {isa = PBXFileReference; fileEncoding = 4; lastKnownFileType = sourcecode.c.h; name = HBBMeTableViewCell.h; path = amazingJ/class/Me/controller/HBBMeTableViewCell.h; sourceTree = SOURCE_ROOT; };
		19928CE91D222A1B00EA69F9 /* HBBMeTableViewCell.m */ = {isa = PBXFileReference; fileEncoding = 4; lastKnownFileType = sourcecode.c.objc; name = HBBMeTableViewCell.m; path = amazingJ/class/Me/controller/HBBMeTableViewCell.m; sourceTree = SOURCE_ROOT; };
		19928CEB1D222A3700EA69F9 /* HBBMeFooterView.h */ = {isa = PBXFileReference; fileEncoding = 4; lastKnownFileType = sourcecode.c.h; name = HBBMeFooterView.h; path = amazingJ/class/Me/controller/HBBMeFooterView.h; sourceTree = SOURCE_ROOT; };
		19928CEC1D222A3700EA69F9 /* HBBMeFooterView.m */ = {isa = PBXFileReference; fileEncoding = 4; lastKnownFileType = sourcecode.c.objc; name = HBBMeFooterView.m; path = amazingJ/class/Me/controller/HBBMeFooterView.m; sourceTree = SOURCE_ROOT; };
		19928CEE1D222A6700EA69F9 /* HBBSquareButton.h */ = {isa = PBXFileReference; fileEncoding = 4; lastKnownFileType = sourcecode.c.h; name = HBBSquareButton.h; path = amazingJ/class/Me/controller/HBBSquareButton.h; sourceTree = SOURCE_ROOT; };
		19928CEF1D222A6700EA69F9 /* HBBSquareButton.m */ = {isa = PBXFileReference; fileEncoding = 4; lastKnownFileType = sourcecode.c.objc; name = HBBSquareButton.m; path = amazingJ/class/Me/controller/HBBSquareButton.m; sourceTree = SOURCE_ROOT; };
		19928CF11D222A8E00EA69F9 /* HBBSettingViewController.h */ = {isa = PBXFileReference; fileEncoding = 4; lastKnownFileType = sourcecode.c.h; path = HBBSettingViewController.h; sourceTree = "<group>"; };
		19928CF21D222A8E00EA69F9 /* HBBSettingViewController.m */ = {isa = PBXFileReference; fileEncoding = 4; lastKnownFileType = sourcecode.c.objc; path = HBBSettingViewController.m; sourceTree = "<group>"; };
		19928CF41D2259EB00EA69F9 /* HBBSquare.h */ = {isa = PBXFileReference; fileEncoding = 4; lastKnownFileType = sourcecode.c.h; name = HBBSquare.h; path = amazingJ/class/Me/controller/HBBSquare.h; sourceTree = SOURCE_ROOT; };
		19928CF51D2259EB00EA69F9 /* HBBSquare.m */ = {isa = PBXFileReference; fileEncoding = 4; lastKnownFileType = sourcecode.c.objc; name = HBBSquare.m; path = amazingJ/class/Me/controller/HBBSquare.m; sourceTree = SOURCE_ROOT; };
		19AC9C821D153A4400E82C6D /* HBBCommentViewController.h */ = {isa = PBXFileReference; fileEncoding = 4; lastKnownFileType = sourcecode.c.h; path = HBBCommentViewController.h; sourceTree = "<group>"; };
		19AC9C831D153A4400E82C6D /* HBBCommentViewController.m */ = {isa = PBXFileReference; fileEncoding = 4; lastKnownFileType = sourcecode.c.objc; path = HBBCommentViewController.m; sourceTree = "<group>"; };
		19AC9C841D153A4400E82C6D /* HBBCommentViewController.xib */ = {isa = PBXFileReference; fileEncoding = 4; lastKnownFileType = file.xib; path = HBBCommentViewController.xib; sourceTree = "<group>"; };
		19AC9C851D153A4400E82C6D /* HBBEssenceBaseTableViewController.h */ = {isa = PBXFileReference; fileEncoding = 4; lastKnownFileType = sourcecode.c.h; path = HBBEssenceBaseTableViewController.h; sourceTree = "<group>"; };
		19AC9C861D153A4400E82C6D /* HBBEssenceBaseTableViewController.m */ = {isa = PBXFileReference; fileEncoding = 4; lastKnownFileType = sourcecode.c.objc; path = HBBEssenceBaseTableViewController.m; sourceTree = "<group>"; };
		19AC9C871D153A4400E82C6D /* HBBEssenceViewController.h */ = {isa = PBXFileReference; fileEncoding = 4; lastKnownFileType = sourcecode.c.h; path = HBBEssenceViewController.h; sourceTree = "<group>"; };
		19AC9C881D153A4400E82C6D /* HBBEssenceViewController.m */ = {isa = PBXFileReference; fileEncoding = 4; lastKnownFileType = sourcecode.c.objc; path = HBBEssenceViewController.m; sourceTree = "<group>"; };
		19AC9C891D153A4400E82C6D /* HBBRecommendTagsViewController.h */ = {isa = PBXFileReference; fileEncoding = 4; lastKnownFileType = sourcecode.c.h; path = HBBRecommendTagsViewController.h; sourceTree = "<group>"; };
		19AC9C8A1D153A4400E82C6D /* HBBRecommendTagsViewController.m */ = {isa = PBXFileReference; fileEncoding = 4; lastKnownFileType = sourcecode.c.objc; path = HBBRecommendTagsViewController.m; sourceTree = "<group>"; };
		19AC9C8B1D153A4400E82C6D /* HBBShowBigPictureViewController.h */ = {isa = PBXFileReference; fileEncoding = 4; lastKnownFileType = sourcecode.c.h; path = HBBShowBigPictureViewController.h; sourceTree = "<group>"; };
		19AC9C8C1D153A4400E82C6D /* HBBShowBigPictureViewController.m */ = {isa = PBXFileReference; fileEncoding = 4; lastKnownFileType = sourcecode.c.objc; path = HBBShowBigPictureViewController.m; sourceTree = "<group>"; };
		19AC9C8D1D153A4400E82C6D /* HBBShowBigPictureViewController.xib */ = {isa = PBXFileReference; fileEncoding = 4; lastKnownFileType = file.xib; path = HBBShowBigPictureViewController.xib; sourceTree = "<group>"; };
		19AC9C951D153A7B00E82C6D /* HBBEssenceComment.h */ = {isa = PBXFileReference; fileEncoding = 4; lastKnownFileType = sourcecode.c.h; path = HBBEssenceComment.h; sourceTree = "<group>"; };
		19AC9C961D153A7B00E82C6D /* HBBEssenceComment.m */ = {isa = PBXFileReference; fileEncoding = 4; lastKnownFileType = sourcecode.c.objc; path = HBBEssenceComment.m; sourceTree = "<group>"; };
		19AC9C971D153A7B00E82C6D /* HBBEssenceTopic.h */ = {isa = PBXFileReference; fileEncoding = 4; lastKnownFileType = sourcecode.c.h; path = HBBEssenceTopic.h; sourceTree = "<group>"; };
		19AC9C981D153A7B00E82C6D /* HBBEssenceTopic.m */ = {isa = PBXFileReference; fileEncoding = 4; lastKnownFileType = sourcecode.c.objc; path = HBBEssenceTopic.m; sourceTree = "<group>"; };
		19AC9C991D153A7B00E82C6D /* HBBEssenceUser.h */ = {isa = PBXFileReference; fileEncoding = 4; lastKnownFileType = sourcecode.c.h; path = HBBEssenceUser.h; sourceTree = "<group>"; };
		19AC9C9A1D153A7B00E82C6D /* HBBEssenceUser.m */ = {isa = PBXFileReference; fileEncoding = 4; lastKnownFileType = sourcecode.c.objc; path = HBBEssenceUser.m; sourceTree = "<group>"; };
		19AC9C9B1D153A7B00E82C6D /* HBBRecommendTag.h */ = {isa = PBXFileReference; fileEncoding = 4; lastKnownFileType = sourcecode.c.h; path = HBBRecommendTag.h; sourceTree = "<group>"; };
		19AC9C9C1D153A7B00E82C6D /* HBBRecommendTag.m */ = {isa = PBXFileReference; fileEncoding = 4; lastKnownFileType = sourcecode.c.objc; path = HBBRecommendTag.m; sourceTree = "<group>"; };
		19AC9CA11D153A9000E82C6D /* HBBEssenceCommentCell.h */ = {isa = PBXFileReference; fileEncoding = 4; lastKnownFileType = sourcecode.c.h; path = HBBEssenceCommentCell.h; sourceTree = "<group>"; };
		19AC9CA21D153A9000E82C6D /* HBBEssenceCommentCell.m */ = {isa = PBXFileReference; fileEncoding = 4; lastKnownFileType = sourcecode.c.objc; path = HBBEssenceCommentCell.m; sourceTree = "<group>"; };
		19AC9CA31D153A9000E82C6D /* HBBEssenceCommentCell.xib */ = {isa = PBXFileReference; fileEncoding = 4; lastKnownFileType = file.xib; path = HBBEssenceCommentCell.xib; sourceTree = "<group>"; };
		19AC9CA41D153A9000E82C6D /* HBBEssenceCommentHeaderView.h */ = {isa = PBXFileReference; fileEncoding = 4; lastKnownFileType = sourcecode.c.h; path = HBBEssenceCommentHeaderView.h; sourceTree = "<group>"; };
		19AC9CA51D153A9000E82C6D /* HBBEssenceCommentHeaderView.m */ = {isa = PBXFileReference; fileEncoding = 4; lastKnownFileType = sourcecode.c.objc; path = HBBEssenceCommentHeaderView.m; sourceTree = "<group>"; };
		19AC9CA61D153A9000E82C6D /* HBBEssenceTopicCell.h */ = {isa = PBXFileReference; fileEncoding = 4; lastKnownFileType = sourcecode.c.h; path = HBBEssenceTopicCell.h; sourceTree = "<group>"; };
		19AC9CA71D153A9000E82C6D /* HBBEssenceTopicCell.m */ = {isa = PBXFileReference; fileEncoding = 4; lastKnownFileType = sourcecode.c.objc; path = HBBEssenceTopicCell.m; sourceTree = "<group>"; };
		19AC9CA81D153A9000E82C6D /* HBBEssenceTopicCell.xib */ = {isa = PBXFileReference; fileEncoding = 4; lastKnownFileType = file.xib; path = HBBEssenceTopicCell.xib; sourceTree = "<group>"; };
		19AC9CA91D153A9000E82C6D /* HBBEssenceTopicPictureView.h */ = {isa = PBXFileReference; fileEncoding = 4; lastKnownFileType = sourcecode.c.h; path = HBBEssenceTopicPictureView.h; sourceTree = "<group>"; };
		19AC9CAA1D153A9000E82C6D /* HBBEssenceTopicPictureView.m */ = {isa = PBXFileReference; fileEncoding = 4; lastKnownFileType = sourcecode.c.objc; path = HBBEssenceTopicPictureView.m; sourceTree = "<group>"; };
		19AC9CAB1D153A9000E82C6D /* HBBEssenceTopicPictureView.xib */ = {isa = PBXFileReference; fileEncoding = 4; lastKnownFileType = file.xib; path = HBBEssenceTopicPictureView.xib; sourceTree = "<group>"; };
		19AC9CAC1D153A9000E82C6D /* HBBEssenceTopicVideoView.h */ = {isa = PBXFileReference; fileEncoding = 4; lastKnownFileType = sourcecode.c.h; path = HBBEssenceTopicVideoView.h; sourceTree = "<group>"; };
		19AC9CAD1D153A9000E82C6D /* HBBEssenceTopicVideoView.m */ = {isa = PBXFileReference; fileEncoding = 4; lastKnownFileType = sourcecode.c.objc; path = HBBEssenceTopicVideoView.m; sourceTree = "<group>"; };
		19AC9CAE1D153A9000E82C6D /* HBBEssenceTopicVideoView.xib */ = {isa = PBXFileReference; fileEncoding = 4; lastKnownFileType = file.xib; path = HBBEssenceTopicVideoView.xib; sourceTree = "<group>"; };
		19AC9CAF1D153A9000E82C6D /* HBBEssenceTopicVoiceView.h */ = {isa = PBXFileReference; fileEncoding = 4; lastKnownFileType = sourcecode.c.h; path = HBBEssenceTopicVoiceView.h; sourceTree = "<group>"; };
		19AC9CB01D153A9000E82C6D /* HBBEssenceTopicVoiceView.m */ = {isa = PBXFileReference; fileEncoding = 4; lastKnownFileType = sourcecode.c.objc; path = HBBEssenceTopicVoiceView.m; sourceTree = "<group>"; };
		19AC9CB11D153A9000E82C6D /* HBBEssenceTopicVoiceView.xib */ = {isa = PBXFileReference; fileEncoding = 4; lastKnownFileType = file.xib; path = HBBEssenceTopicVoiceView.xib; sourceTree = "<group>"; };
		19AC9CB21D153A9000E82C6D /* HBBProgressView.h */ = {isa = PBXFileReference; fileEncoding = 4; lastKnownFileType = sourcecode.c.h; path = HBBProgressView.h; sourceTree = "<group>"; };
		19AC9CB31D153A9000E82C6D /* HBBProgressView.m */ = {isa = PBXFileReference; fileEncoding = 4; lastKnownFileType = sourcecode.c.objc; path = HBBProgressView.m; sourceTree = "<group>"; };
		19AC9CB41D153A9000E82C6D /* HBBRecommandTagCell.h */ = {isa = PBXFileReference; fileEncoding = 4; lastKnownFileType = sourcecode.c.h; path = HBBRecommandTagCell.h; sourceTree = "<group>"; };
		19AC9CB51D153A9000E82C6D /* HBBRecommandTagCell.m */ = {isa = PBXFileReference; fileEncoding = 4; lastKnownFileType = sourcecode.c.objc; path = HBBRecommandTagCell.m; sourceTree = "<group>"; };
		19AC9CB61D153A9000E82C6D /* HBBRecommandTagCell.xib */ = {isa = PBXFileReference; fileEncoding = 4; lastKnownFileType = file.xib; path = HBBRecommandTagCell.xib; sourceTree = "<group>"; };
		3F6EE4331C9A355000D57BCA /* AFHTTPSessionManager.h */ = {isa = PBXFileReference; lastKnownFileType = sourcecode.c.h; path = AFHTTPSessionManager.h; sourceTree = "<group>"; };
		3F6EE4341C9A355000D57BCA /* AFHTTPSessionManager.m */ = {isa = PBXFileReference; lastKnownFileType = sourcecode.c.objc; path = AFHTTPSessionManager.m; sourceTree = "<group>"; };
		3F6EE4351C9A355000D57BCA /* AFNetworking.h */ = {isa = PBXFileReference; lastKnownFileType = sourcecode.c.h; path = AFNetworking.h; sourceTree = "<group>"; };
		3F6EE4361C9A355000D57BCA /* AFNetworkReachabilityManager.h */ = {isa = PBXFileReference; lastKnownFileType = sourcecode.c.h; path = AFNetworkReachabilityManager.h; sourceTree = "<group>"; };
		3F6EE4371C9A355000D57BCA /* AFNetworkReachabilityManager.m */ = {isa = PBXFileReference; lastKnownFileType = sourcecode.c.objc; path = AFNetworkReachabilityManager.m; sourceTree = "<group>"; };
		3F6EE4381C9A355000D57BCA /* AFSecurityPolicy.h */ = {isa = PBXFileReference; lastKnownFileType = sourcecode.c.h; path = AFSecurityPolicy.h; sourceTree = "<group>"; };
		3F6EE4391C9A355000D57BCA /* AFSecurityPolicy.m */ = {isa = PBXFileReference; lastKnownFileType = sourcecode.c.objc; path = AFSecurityPolicy.m; sourceTree = "<group>"; };
		3F6EE43A1C9A355000D57BCA /* AFURLRequestSerialization.h */ = {isa = PBXFileReference; lastKnownFileType = sourcecode.c.h; path = AFURLRequestSerialization.h; sourceTree = "<group>"; };
		3F6EE43B1C9A355000D57BCA /* AFURLRequestSerialization.m */ = {isa = PBXFileReference; lastKnownFileType = sourcecode.c.objc; path = AFURLRequestSerialization.m; sourceTree = "<group>"; };
		3F6EE43C1C9A355000D57BCA /* AFURLResponseSerialization.h */ = {isa = PBXFileReference; lastKnownFileType = sourcecode.c.h; path = AFURLResponseSerialization.h; sourceTree = "<group>"; };
		3F6EE43D1C9A355000D57BCA /* AFURLResponseSerialization.m */ = {isa = PBXFileReference; lastKnownFileType = sourcecode.c.objc; path = AFURLResponseSerialization.m; sourceTree = "<group>"; };
		3F6EE43E1C9A355000D57BCA /* AFURLSessionManager.h */ = {isa = PBXFileReference; lastKnownFileType = sourcecode.c.h; path = AFURLSessionManager.h; sourceTree = "<group>"; };
		3F6EE43F1C9A355000D57BCA /* AFURLSessionManager.m */ = {isa = PBXFileReference; lastKnownFileType = sourcecode.c.objc; path = AFURLSessionManager.m; sourceTree = "<group>"; };
		3F6EE4401C9A355000D57BCA /* LICENSE */ = {isa = PBXFileReference; lastKnownFileType = text; path = LICENSE; sourceTree = "<group>"; };
		3F6EE4411C9A355000D57BCA /* README.md */ = {isa = PBXFileReference; lastKnownFileType = net.daringfireball.markdown; path = README.md; sourceTree = "<group>"; };
		3F6EE4431C9A355000D57BCA /* AFAutoPurgingImageCache.h */ = {isa = PBXFileReference; lastKnownFileType = sourcecode.c.h; path = AFAutoPurgingImageCache.h; sourceTree = "<group>"; };
		3F6EE4441C9A355000D57BCA /* AFAutoPurgingImageCache.m */ = {isa = PBXFileReference; lastKnownFileType = sourcecode.c.objc; path = AFAutoPurgingImageCache.m; sourceTree = "<group>"; };
		3F6EE4451C9A355000D57BCA /* AFImageDownloader.h */ = {isa = PBXFileReference; lastKnownFileType = sourcecode.c.h; path = AFImageDownloader.h; sourceTree = "<group>"; };
		3F6EE4461C9A355000D57BCA /* AFImageDownloader.m */ = {isa = PBXFileReference; lastKnownFileType = sourcecode.c.objc; path = AFImageDownloader.m; sourceTree = "<group>"; };
		3F6EE4471C9A355000D57BCA /* AFNetworkActivityIndicatorManager.h */ = {isa = PBXFileReference; lastKnownFileType = sourcecode.c.h; path = AFNetworkActivityIndicatorManager.h; sourceTree = "<group>"; };
		3F6EE4481C9A355000D57BCA /* AFNetworkActivityIndicatorManager.m */ = {isa = PBXFileReference; lastKnownFileType = sourcecode.c.objc; path = AFNetworkActivityIndicatorManager.m; sourceTree = "<group>"; };
		3F6EE4491C9A355000D57BCA /* UIActivityIndicatorView+AFNetworking.h */ = {isa = PBXFileReference; lastKnownFileType = sourcecode.c.h; path = "UIActivityIndicatorView+AFNetworking.h"; sourceTree = "<group>"; };
		3F6EE44A1C9A355000D57BCA /* UIActivityIndicatorView+AFNetworking.m */ = {isa = PBXFileReference; lastKnownFileType = sourcecode.c.objc; path = "UIActivityIndicatorView+AFNetworking.m"; sourceTree = "<group>"; };
		3F6EE44B1C9A355000D57BCA /* UIButton+AFNetworking.h */ = {isa = PBXFileReference; lastKnownFileType = sourcecode.c.h; path = "UIButton+AFNetworking.h"; sourceTree = "<group>"; };
		3F6EE44C1C9A355000D57BCA /* UIButton+AFNetworking.m */ = {isa = PBXFileReference; lastKnownFileType = sourcecode.c.objc; path = "UIButton+AFNetworking.m"; sourceTree = "<group>"; };
		3F6EE44D1C9A355000D57BCA /* UIImage+AFNetworking.h */ = {isa = PBXFileReference; lastKnownFileType = sourcecode.c.h; path = "UIImage+AFNetworking.h"; sourceTree = "<group>"; };
		3F6EE44E1C9A355000D57BCA /* UIImageView+AFNetworking.h */ = {isa = PBXFileReference; lastKnownFileType = sourcecode.c.h; path = "UIImageView+AFNetworking.h"; sourceTree = "<group>"; };
		3F6EE44F1C9A355000D57BCA /* UIImageView+AFNetworking.m */ = {isa = PBXFileReference; lastKnownFileType = sourcecode.c.objc; path = "UIImageView+AFNetworking.m"; sourceTree = "<group>"; };
		3F6EE4501C9A355000D57BCA /* UIKit+AFNetworking.h */ = {isa = PBXFileReference; lastKnownFileType = sourcecode.c.h; path = "UIKit+AFNetworking.h"; sourceTree = "<group>"; };
		3F6EE4511C9A355000D57BCA /* UIProgressView+AFNetworking.h */ = {isa = PBXFileReference; lastKnownFileType = sourcecode.c.h; path = "UIProgressView+AFNetworking.h"; sourceTree = "<group>"; };
		3F6EE4521C9A355000D57BCA /* UIProgressView+AFNetworking.m */ = {isa = PBXFileReference; lastKnownFileType = sourcecode.c.objc; path = "UIProgressView+AFNetworking.m"; sourceTree = "<group>"; };
		3F6EE4531C9A355000D57BCA /* UIRefreshControl+AFNetworking.h */ = {isa = PBXFileReference; lastKnownFileType = sourcecode.c.h; path = "UIRefreshControl+AFNetworking.h"; sourceTree = "<group>"; };
		3F6EE4541C9A355000D57BCA /* UIRefreshControl+AFNetworking.m */ = {isa = PBXFileReference; lastKnownFileType = sourcecode.c.objc; path = "UIRefreshControl+AFNetworking.m"; sourceTree = "<group>"; };
		3F6EE4551C9A355000D57BCA /* UIWebView+AFNetworking.h */ = {isa = PBXFileReference; lastKnownFileType = sourcecode.c.h; path = "UIWebView+AFNetworking.h"; sourceTree = "<group>"; };
		3F6EE4561C9A355000D57BCA /* UIWebView+AFNetworking.m */ = {isa = PBXFileReference; lastKnownFileType = sourcecode.c.objc; path = "UIWebView+AFNetworking.m"; sourceTree = "<group>"; };
		3FF0AA031C97A95F00D39D67 /* amazingJ.app */ = {isa = PBXFileReference; explicitFileType = wrapper.application; includeInIndex = 0; path = amazingJ.app; sourceTree = BUILT_PRODUCTS_DIR; };
		3FF0AA131C97A95F00D39D67 /* amazingJ.xcdatamodel */ = {isa = PBXFileReference; lastKnownFileType = wrapper.xcdatamodel; path = amazingJ.xcdatamodel; sourceTree = "<group>"; };
		3FF0AA1A1C97A95F00D39D67 /* Info.plist */ = {isa = PBXFileReference; lastKnownFileType = text.plist.xml; path = Info.plist; sourceTree = "<group>"; };
		3FF0AA201C97CBD900D39D67 /* Assets.xcassets */ = {isa = PBXFileReference; lastKnownFileType = folder.assetcatalog; path = Assets.xcassets; sourceTree = "<group>"; };
		9B8460F6B6373B529B360F14 /* libPods.a */ = {isa = PBXFileReference; explicitFileType = archive.ar; includeInIndex = 0; path = libPods.a; sourceTree = BUILT_PRODUCTS_DIR; };
		B3881DD64E572B4A27DF9C87 /* Pods.debug.xcconfig */ = {isa = PBXFileReference; includeInIndex = 1; lastKnownFileType = text.xcconfig; name = Pods.debug.xcconfig; path = "Pods/Target Support Files/Pods/Pods.debug.xcconfig"; sourceTree = "<group>"; };
/* End PBXFileReference section */

/* Begin PBXFrameworksBuildPhase section */
		3FF0AA001C97A95F00D39D67 /* Frameworks */ = {
			isa = PBXFrameworksBuildPhase;
			buildActionMask = 2147483647;
			files = (
				2D2A546010F86ED7C6D8D630 /* libPods.a in Frameworks */,
			);
			runOnlyForDeploymentPostprocessing = 0;
		};
/* End PBXFrameworksBuildPhase section */

/* Begin PBXGroup section */
		190A7FF11CA8CBDD00411705 /* class */ = {
			isa = PBXGroup;
			children = (
				1912185B1D1139F100060DB1 /* Publish */,
				190A7FF21CA8CBDD00411705 /* Essence */,
				190A80081CA8CBDD00411705 /* FriendTrends */,
				190A80231CA8CBDD00411705 /* Me */,
				190A80291CA8CBDD00411705 /* New */,
				190A802F1CA8CBDD00411705 /* Other */,
			);
			path = class;
			sourceTree = "<group>";
		};
		190A7FF21CA8CBDD00411705 /* Essence */ = {
			isa = PBXGroup;
			children = (
				190A7FF31CA8CBDD00411705 /* controller */,
				190A7FFA1CA8CBDD00411705 /* model */,
				190A7FFF1CA8CBDD00411705 /* view */,
			);
			path = Essence;
			sourceTree = "<group>";
		};
		190A7FF31CA8CBDD00411705 /* controller */ = {
			isa = PBXGroup;
			children = (
				19AC9C821D153A4400E82C6D /* HBBCommentViewController.h */,
				19AC9C831D153A4400E82C6D /* HBBCommentViewController.m */,
				19AC9C841D153A4400E82C6D /* HBBCommentViewController.xib */,
				19AC9C851D153A4400E82C6D /* HBBEssenceBaseTableViewController.h */,
				19AC9C861D153A4400E82C6D /* HBBEssenceBaseTableViewController.m */,
				19AC9C871D153A4400E82C6D /* HBBEssenceViewController.h */,
				19AC9C881D153A4400E82C6D /* HBBEssenceViewController.m */,
				19AC9C891D153A4400E82C6D /* HBBRecommendTagsViewController.h */,
				19AC9C8A1D153A4400E82C6D /* HBBRecommendTagsViewController.m */,
				19AC9C8B1D153A4400E82C6D /* HBBShowBigPictureViewController.h */,
				19AC9C8C1D153A4400E82C6D /* HBBShowBigPictureViewController.m */,
				19AC9C8D1D153A4400E82C6D /* HBBShowBigPictureViewController.xib */,
			);
			path = controller;
			sourceTree = "<group>";
		};
		190A7FFA1CA8CBDD00411705 /* model */ = {
			isa = PBXGroup;
			children = (
				19AC9C951D153A7B00E82C6D /* HBBEssenceComment.h */,
				19AC9C961D153A7B00E82C6D /* HBBEssenceComment.m */,
				19AC9C971D153A7B00E82C6D /* HBBEssenceTopic.h */,
				19AC9C981D153A7B00E82C6D /* HBBEssenceTopic.m */,
				19AC9C991D153A7B00E82C6D /* HBBEssenceUser.h */,
				19AC9C9A1D153A7B00E82C6D /* HBBEssenceUser.m */,
				19AC9C9B1D153A7B00E82C6D /* HBBRecommendTag.h */,
				19AC9C9C1D153A7B00E82C6D /* HBBRecommendTag.m */,
			);
			path = model;
			sourceTree = "<group>";
		};
		190A7FFF1CA8CBDD00411705 /* view */ = {
			isa = PBXGroup;
			children = (
				19AC9CA11D153A9000E82C6D /* HBBEssenceCommentCell.h */,
				19AC9CA21D153A9000E82C6D /* HBBEssenceCommentCell.m */,
				19AC9CA31D153A9000E82C6D /* HBBEssenceCommentCell.xib */,
				19AC9CA41D153A9000E82C6D /* HBBEssenceCommentHeaderView.h */,
				19AC9CA51D153A9000E82C6D /* HBBEssenceCommentHeaderView.m */,
				19AC9CA61D153A9000E82C6D /* HBBEssenceTopicCell.h */,
				19AC9CA71D153A9000E82C6D /* HBBEssenceTopicCell.m */,
				19AC9CA81D153A9000E82C6D /* HBBEssenceTopicCell.xib */,
				19AC9CA91D153A9000E82C6D /* HBBEssenceTopicPictureView.h */,
				19AC9CAA1D153A9000E82C6D /* HBBEssenceTopicPictureView.m */,
				19AC9CAB1D153A9000E82C6D /* HBBEssenceTopicPictureView.xib */,
				19AC9CAC1D153A9000E82C6D /* HBBEssenceTopicVideoView.h */,
				19AC9CAD1D153A9000E82C6D /* HBBEssenceTopicVideoView.m */,
				19AC9CAE1D153A9000E82C6D /* HBBEssenceTopicVideoView.xib */,
				19AC9CAF1D153A9000E82C6D /* HBBEssenceTopicVoiceView.h */,
				19AC9CB01D153A9000E82C6D /* HBBEssenceTopicVoiceView.m */,
				19AC9CB11D153A9000E82C6D /* HBBEssenceTopicVoiceView.xib */,
				19AC9CB21D153A9000E82C6D /* HBBProgressView.h */,
				19AC9CB31D153A9000E82C6D /* HBBProgressView.m */,
				19AC9CB41D153A9000E82C6D /* HBBRecommandTagCell.h */,
				19AC9CB51D153A9000E82C6D /* HBBRecommandTagCell.m */,
				19AC9CB61D153A9000E82C6D /* HBBRecommandTagCell.xib */,
			);
			path = view;
			sourceTree = "<group>";
		};
		190A80081CA8CBDD00411705 /* FriendTrends */ = {
			isa = PBXGroup;
			children = (
				190A80091CA8CBDD00411705 /* controller */,
				190A80131CA8CBDD00411705 /* model */,
				190A80181CA8CBDD00411705 /* view */,
			);
			path = FriendTrends;
			sourceTree = "<group>";
		};
		190A80091CA8CBDD00411705 /* controller */ = {
			isa = PBXGroup;
			children = (
				190A800A1CA8CBDD00411705 /* HBBFriendTrendsViewController.h */,
				190A800B1CA8CBDD00411705 /* HBBFriendTrendsViewController.m */,
				190A800C1CA8CBDD00411705 /* HBBFriendTrendsViewController.xib */,
				190A800D1CA8CBDD00411705 /* HBBLoginRegisterViewController.h */,
				190A800E1CA8CBDD00411705 /* HBBLoginRegisterViewController.m */,
				190A800F1CA8CBDD00411705 /* HBBLoginRegisterViewController.xib */,
				190A80101CA8CBDD00411705 /* HBBRecomandViewController.h */,
				190A80111CA8CBDD00411705 /* HBBRecomandViewController.m */,
				190A80121CA8CBDD00411705 /* HBBRecomandViewController.xib */,
			);
			path = controller;
			sourceTree = "<group>";
		};
		190A80131CA8CBDD00411705 /* model */ = {
			isa = PBXGroup;
			children = (
				190A80141CA8CBDD00411705 /* HBBRecomandCategory.h */,
				190A80151CA8CBDD00411705 /* HBBRecomandCategory.m */,
				190A80161CA8CBDD00411705 /* HBBRecommendUser.h */,
				190A80171CA8CBDD00411705 /* HBBRecommendUser.m */,
			);
			path = model;
			sourceTree = "<group>";
		};
		190A80181CA8CBDD00411705 /* view */ = {
			isa = PBXGroup;
			children = (
				190A80191CA8CBDD00411705 /* HBBPlaceholder.h */,
				190A801A1CA8CBDD00411705 /* HBBPlaceholder.m */,
				190A801B1CA8CBDD00411705 /* HBBRecomandCategoryCell.h */,
				190A801C1CA8CBDD00411705 /* HBBRecomandCategoryCell.m */,
				190A801D1CA8CBDD00411705 /* HBBRecomandCategoryCell.xib */,
				190A801E1CA8CBDD00411705 /* HBBReconmandUserCell.h */,
				190A801F1CA8CBDD00411705 /* HBBReconmandUserCell.m */,
				190A80201CA8CBDD00411705 /* HBBReconmandUserCell.xib */,
				190A80211CA8CBDD00411705 /* HBBVerticalButton.h */,
				190A80221CA8CBDD00411705 /* HBBVerticalButton.m */,
			);
			path = view;
			sourceTree = "<group>";
		};
		190A80231CA8CBDD00411705 /* Me */ = {
			isa = PBXGroup;
			children = (
				190A80241CA8CBDD00411705 /* controller */,
				190A80271CA8CBDD00411705 /* mode */,
				190A80281CA8CBDD00411705 /* view */,
			);
			path = Me;
			sourceTree = "<group>";
		};
		190A80241CA8CBDD00411705 /* controller */ = {
			isa = PBXGroup;
			children = (
				190A80251CA8CBDD00411705 /* HBBMeViewController.h */,
				190A80261CA8CBDD00411705 /* HBBMeViewController.m */,
				19928CE31D2229AB00EA69F9 /* HBBMeWebViewController.h */,
				19928CE41D2229AB00EA69F9 /* HBBMeWebViewController.m */,
				19928CE51D2229AB00EA69F9 /* HBBMeWebViewController.xib */,
				19928CF11D222A8E00EA69F9 /* HBBSettingViewController.h */,
				19928CF21D222A8E00EA69F9 /* HBBSettingViewController.m */,
			);
			path = controller;
			sourceTree = "<group>";
		};
		190A80271CA8CBDD00411705 /* mode */ = {
			isa = PBXGroup;
			children = (
				19928CF41D2259EB00EA69F9 /* HBBSquare.h */,
				19928CF51D2259EB00EA69F9 /* HBBSquare.m */,
			);
			path = mode;
			sourceTree = "<group>";
		};
		190A80281CA8CBDD00411705 /* view */ = {
			isa = PBXGroup;
			children = (
				19928CE81D222A1B00EA69F9 /* HBBMeTableViewCell.h */,
				19928CE91D222A1B00EA69F9 /* HBBMeTableViewCell.m */,
				19928CEB1D222A3700EA69F9 /* HBBMeFooterView.h */,
				19928CEC1D222A3700EA69F9 /* HBBMeFooterView.m */,
				19928CEE1D222A6700EA69F9 /* HBBSquareButton.h */,
				19928CEF1D222A6700EA69F9 /* HBBSquareButton.m */,
			);
			path = view;
			sourceTree = "<group>";
		};
		190A80291CA8CBDD00411705 /* New */ = {
			isa = PBXGroup;
			children = (
				190A802A1CA8CBDD00411705 /* controller */,
				190A802D1CA8CBDD00411705 /* model */,
				190A802E1CA8CBDD00411705 /* view */,
			);
			path = New;
			sourceTree = "<group>";
		};
		190A802A1CA8CBDD00411705 /* controller */ = {
			isa = PBXGroup;
			children = (
				190A802B1CA8CBDD00411705 /* HBBNewViewController.h */,
				190A802C1CA8CBDD00411705 /* HBBNewViewController.m */,
			);
			path = controller;
			sourceTree = "<group>";
		};
		190A802D1CA8CBDD00411705 /* model */ = {
			isa = PBXGroup;
			children = (
			);
			path = model;
			sourceTree = "<group>";
		};
		190A802E1CA8CBDD00411705 /* view */ = {
			isa = PBXGroup;
			children = (
			);
			path = view;
			sourceTree = "<group>";
		};
		190A802F1CA8CBDD00411705 /* Other */ = {
			isa = PBXGroup;
			children = (
				190A80301CA8CBDD00411705 /* AppDelegate.h */,
				190A80311CA8CBDD00411705 /* AppDelegate.m */,
				190A80421CA8CBDD00411705 /* view */,
				190A80321CA8CBDD00411705 /* category */,
				190A80391CA8CBDD00411705 /* controller */,
				190A803E1CA8CBDD00411705 /* HBBConst.h */,
				190A803F1CA8CBDD00411705 /* HBBConst.m */,
				190A80401CA8CBDD00411705 /* main.m */,
				190A80411CA8CBDD00411705 /* PrefixHeader.pch */,
			);
			path = Other;
			sourceTree = "<group>";
		};
		190A80321CA8CBDD00411705 /* category */ = {
			isa = PBXGroup;
			children = (
				191218551D1133BF00060DB1 /* UIImage+HBBImageMask.h */,
				191218561D1133BF00060DB1 /* UIImage+HBBImageMask.m */,
				190A80331CA8CBDD00411705 /* NSDate+HBBNSDate.h */,
				190A80341CA8CBDD00411705 /* NSDate+HBBNSDate.m */,
				190A80351CA8CBDD00411705 /* UIBarButtonItem+HBBBarButtonItemExtension.h */,
				190A80361CA8CBDD00411705 /* UIBarButtonItem+HBBBarButtonItemExtension.m */,
				190A80371CA8CBDD00411705 /* UIView+HBBPropertyExtension.h */,
				190A80381CA8CBDD00411705 /* UIView+HBBPropertyExtension.m */,
			);
			path = category;
			sourceTree = "<group>";
		};
		190A80391CA8CBDD00411705 /* controller */ = {
			isa = PBXGroup;
			children = (
				190A803A1CA8CBDD00411705 /* HBBNavigationController.h */,
				190A803B1CA8CBDD00411705 /* HBBNavigationController.m */,
				190A803C1CA8CBDD00411705 /* HBBTabBarController.h */,
				190A803D1CA8CBDD00411705 /* HBBTabBarController.m */,
			);
			path = controller;
			sourceTree = "<group>";
		};
		190A80421CA8CBDD00411705 /* view */ = {
			isa = PBXGroup;
			children = (
				191218581D11343B00060DB1 /* HBBTopWindow.h */,
				191218591D11343B00060DB1 /* HBBTopWindow.m */,
				190A80431CA8CBDD00411705 /* HBBPushGuideView.h */,
				190A80441CA8CBDD00411705 /* HBBPushGuideView.m */,
				190A80451CA8CBDD00411705 /* HBBPushGuideView.xib */,
				190A80461CA8CBDD00411705 /* HBBTabBar.h */,
				190A80471CA8CBDD00411705 /* HBBTabBar.m */,
			);
			path = view;
			sourceTree = "<group>";
		};
		1912185B1D1139F100060DB1 /* Publish */ = {
			isa = PBXGroup;
			children = (
				1912185C1D1139F100060DB1 /* controller */,
				1912185F1D1139F100060DB1 /* Model */,
				191218601D1139F100060DB1 /* view */,
			);
			path = Publish;
			sourceTree = "<group>";
		};
		1912185C1D1139F100060DB1 /* controller */ = {
			isa = PBXGroup;
			children = (
				191218621D113A8000060DB1 /* HBBAddTagViewController.h */,
				191218631D113A8000060DB1 /* HBBAddTagViewController.m */,
				191218641D113A8000060DB1 /* HBBPostWordViewController.h */,
				191218651D113A8000060DB1 /* HBBPostWordViewController.m */,
				191218661D113A8000060DB1 /* HBBPublicViewController.h */,
				191218671D113A8000060DB1 /* HBBPublicViewController.m */,
				191218681D113A8000060DB1 /* HBBPublicViewController.xib */,
			);
			path = controller;
			sourceTree = "<group>";
		};
		1912185F1D1139F100060DB1 /* Model */ = {
			isa = PBXGroup;
			children = (
			);
			path = Model;
			sourceTree = "<group>";
		};
		191218601D1139F100060DB1 /* view */ = {
			isa = PBXGroup;
			children = (
				1912186D1D113A8D00060DB1 /* HBBAddTagToolbar.h */,
				1912186E1D113A8D00060DB1 /* HBBAddTagToolbar.m */,
				1912186F1D113A8D00060DB1 /* HBBAddTagToolbar.xib */,
				191218701D113A8D00060DB1 /* HBBPlaceHolderTextView.h */,
				191218711D113A8D00060DB1 /* HBBPlaceHolderTextView.m */,
				191218721D113A8D00060DB1 /* HBBTagButton.h */,
				191218731D113A8D00060DB1 /* HBBTagButton.m */,
				191218741D113A8D00060DB1 /* HBBTagTextField.h */,
				191218751D113A8D00060DB1 /* HBBTagTextField.m */,
			);
			path = view;
			sourceTree = "<group>";
		};
		3F6EE4311C9A355000D57BCA /* AFNetworking */ = {
			isa = PBXGroup;
			children = (
				3F6EE4321C9A355000D57BCA /* AFNetworking */,
				3F6EE4401C9A355000D57BCA /* LICENSE */,
				3F6EE4411C9A355000D57BCA /* README.md */,
				3F6EE4421C9A355000D57BCA /* UIKit+AFNetworking */,
			);
			name = AFNetworking;
			path = Pods/AFNetworking;
			sourceTree = "<group>";
		};
		3F6EE4321C9A355000D57BCA /* AFNetworking */ = {
			isa = PBXGroup;
			children = (
				3F6EE4331C9A355000D57BCA /* AFHTTPSessionManager.h */,
				3F6EE4341C9A355000D57BCA /* AFHTTPSessionManager.m */,
				3F6EE4351C9A355000D57BCA /* AFNetworking.h */,
				3F6EE4361C9A355000D57BCA /* AFNetworkReachabilityManager.h */,
				3F6EE4371C9A355000D57BCA /* AFNetworkReachabilityManager.m */,
				3F6EE4381C9A355000D57BCA /* AFSecurityPolicy.h */,
				3F6EE4391C9A355000D57BCA /* AFSecurityPolicy.m */,
				3F6EE43A1C9A355000D57BCA /* AFURLRequestSerialization.h */,
				3F6EE43B1C9A355000D57BCA /* AFURLRequestSerialization.m */,
				3F6EE43C1C9A355000D57BCA /* AFURLResponseSerialization.h */,
				3F6EE43D1C9A355000D57BCA /* AFURLResponseSerialization.m */,
				3F6EE43E1C9A355000D57BCA /* AFURLSessionManager.h */,
				3F6EE43F1C9A355000D57BCA /* AFURLSessionManager.m */,
			);
			path = AFNetworking;
			sourceTree = "<group>";
		};
		3F6EE4421C9A355000D57BCA /* UIKit+AFNetworking */ = {
			isa = PBXGroup;
			children = (
				3F6EE4431C9A355000D57BCA /* AFAutoPurgingImageCache.h */,
				3F6EE4441C9A355000D57BCA /* AFAutoPurgingImageCache.m */,
				3F6EE4451C9A355000D57BCA /* AFImageDownloader.h */,
				3F6EE4461C9A355000D57BCA /* AFImageDownloader.m */,
				3F6EE4471C9A355000D57BCA /* AFNetworkActivityIndicatorManager.h */,
				3F6EE4481C9A355000D57BCA /* AFNetworkActivityIndicatorManager.m */,
				3F6EE4491C9A355000D57BCA /* UIActivityIndicatorView+AFNetworking.h */,
				3F6EE44A1C9A355000D57BCA /* UIActivityIndicatorView+AFNetworking.m */,
				3F6EE44B1C9A355000D57BCA /* UIButton+AFNetworking.h */,
				3F6EE44C1C9A355000D57BCA /* UIButton+AFNetworking.m */,
				3F6EE44D1C9A355000D57BCA /* UIImage+AFNetworking.h */,
				3F6EE44E1C9A355000D57BCA /* UIImageView+AFNetworking.h */,
				3F6EE44F1C9A355000D57BCA /* UIImageView+AFNetworking.m */,
				3F6EE4501C9A355000D57BCA /* UIKit+AFNetworking.h */,
				3F6EE4511C9A355000D57BCA /* UIProgressView+AFNetworking.h */,
				3F6EE4521C9A355000D57BCA /* UIProgressView+AFNetworking.m */,
				3F6EE4531C9A355000D57BCA /* UIRefreshControl+AFNetworking.h */,
				3F6EE4541C9A355000D57BCA /* UIRefreshControl+AFNetworking.m */,
				3F6EE4551C9A355000D57BCA /* UIWebView+AFNetworking.h */,
				3F6EE4561C9A355000D57BCA /* UIWebView+AFNetworking.m */,
			);
			path = "UIKit+AFNetworking";
			sourceTree = "<group>";
		};
		3FF0A9FA1C97A95F00D39D67 = {
			isa = PBXGroup;
			children = (
				3FF0AA051C97A95F00D39D67 /* amazingJ */,
				3FF0AA041C97A95F00D39D67 /* Products */,
				D827F16F5A02BC592D111030 /* Pods */,
				DA657EBBB3581404DDD5604E /* Frameworks */,
			);
			sourceTree = "<group>";
		};
		3FF0AA041C97A95F00D39D67 /* Products */ = {
			isa = PBXGroup;
			children = (
				3FF0AA031C97A95F00D39D67 /* amazingJ.app */,
			);
			name = Products;
			sourceTree = "<group>";
		};
		3FF0AA051C97A95F00D39D67 /* amazingJ */ = {
			isa = PBXGroup;
			children = (
				190A7FF11CA8CBDD00411705 /* class */,
				3FF0AA061C97A95F00D39D67 /* Supporting Files */,
			);
			path = amazingJ;
			sourceTree = "<group>";
		};
		3FF0AA061C97A95F00D39D67 /* Supporting Files */ = {
			isa = PBXGroup;
			children = (
				3FF0AA201C97CBD900D39D67 /* Assets.xcassets */,
				3FF0AA1A1C97A95F00D39D67 /* Info.plist */,
				3FF0AA121C97A95F00D39D67 /* amazingJ.xcdatamodeld */,
			);
			name = "Supporting Files";
			sourceTree = "<group>";
		};
		D827F16F5A02BC592D111030 /* Pods */ = {
			isa = PBXGroup;
			children = (
				B3881DD64E572B4A27DF9C87 /* Pods.debug.xcconfig */,
				0669AE8223E5404C2B41E9C2 /* Pods.release.xcconfig */,
			);
			name = Pods;
			sourceTree = "<group>";
		};
		DA657EBBB3581404DDD5604E /* Frameworks */ = {
			isa = PBXGroup;
			children = (
				3F6EE4311C9A355000D57BCA /* AFNetworking */,
				9B8460F6B6373B529B360F14 /* libPods.a */,
			);
			name = Frameworks;
			sourceTree = "<group>";
		};
/* End PBXGroup section */

/* Begin PBXNativeTarget section */
		3FF0AA021C97A95F00D39D67 /* amazingJ */ = {
			isa = PBXNativeTarget;
			buildConfigurationList = 3FF0AA1D1C97A95F00D39D67 /* Build configuration list for PBXNativeTarget "amazingJ" */;
			buildPhases = (
				B6EC1B33CCAD0CDC86DFCECD /* Check Pods Manifest.lock */,
				3FF0A9FF1C97A95F00D39D67 /* Sources */,
				3FF0AA001C97A95F00D39D67 /* Frameworks */,
				3FF0AA011C97A95F00D39D67 /* Resources */,
				AA07EEFD059CC6AA969A929A /* Embed Pods Frameworks */,
				BF50D7C254C04D8F61C7E5D6 /* Copy Pods Resources */,
			);
			buildRules = (
			);
			dependencies = (
			);
			name = amazingJ;
			productName = amazingJ;
			productReference = 3FF0AA031C97A95F00D39D67 /* amazingJ.app */;
			productType = "com.apple.product-type.application";
		};
/* End PBXNativeTarget section */

/* Begin PBXProject section */
		3FF0A9FB1C97A95F00D39D67 /* Project object */ = {
			isa = PBXProject;
			attributes = {
				CLASSPREFIX = HBB;
				LastUpgradeCheck = 0720;
				ORGANIZATIONNAME = HBB;
				TargetAttributes = {
					3FF0AA021C97A95F00D39D67 = {
						CreatedOnToolsVersion = 7.2.1;
						DevelopmentTeam = K2G752ZV7W;
					};
				};
			};
			buildConfigurationList = 3FF0A9FE1C97A95F00D39D67 /* Build configuration list for PBXProject "amazingJ" */;
			compatibilityVersion = "Xcode 3.2";
			developmentRegion = English;
			hasScannedForEncodings = 0;
			knownRegions = (
				en,
				Base,
			);
			mainGroup = 3FF0A9FA1C97A95F00D39D67;
			productRefGroup = 3FF0AA041C97A95F00D39D67 /* Products */;
			projectDirPath = "";
			projectRoot = "";
			targets = (
				3FF0AA021C97A95F00D39D67 /* amazingJ */,
			);
		};
/* End PBXProject section */

/* Begin PBXResourcesBuildPhase section */
		3FF0AA011C97A95F00D39D67 /* Resources */ = {
			isa = PBXResourcesBuildPhase;
			buildActionMask = 2147483647;
			files = (
				191218771D113A8D00060DB1 /* HBBAddTagToolbar.xib in Resources */,
				190A806B1CA8CBDD00411705 /* HBBPushGuideView.xib in Resources */,
				1912186C1D113A8000060DB1 /* HBBPublicViewController.xib in Resources */,
				19AC9CBF1D153A9000E82C6D /* HBBEssenceTopicVideoView.xib in Resources */,
				19AC9CB81D153A9000E82C6D /* HBBEssenceCommentCell.xib in Resources */,
				3FF0AA211C97CBD900D39D67 /* Assets.xcassets in Resources */,
				19AC9CBD1D153A9000E82C6D /* HBBEssenceTopicPictureView.xib in Resources */,
				19AC9CC41D153A9000E82C6D /* HBBRecommandTagCell.xib in Resources */,
				190A80571CA8CBDD00411705 /* HBBRecomandViewController.xib in Resources */,
				190A805E1CA8CBDD00411705 /* HBBReconmandUserCell.xib in Resources */,
				190A805C1CA8CBDD00411705 /* HBBRecomandCategoryCell.xib in Resources */,
				190A80531CA8CBDD00411705 /* HBBFriendTrendsViewController.xib in Resources */,
				19AC9CBB1D153A9000E82C6D /* HBBEssenceTopicCell.xib in Resources */,
				19AC9C8F1D153A4400E82C6D /* HBBCommentViewController.xib in Resources */,
				190A80551CA8CBDD00411705 /* HBBLoginRegisterViewController.xib in Resources */,
				19AC9C941D153A4400E82C6D /* HBBShowBigPictureViewController.xib in Resources */,
				19928CE71D2229AB00EA69F9 /* HBBMeWebViewController.xib in Resources */,
				19AC9CC11D153A9000E82C6D /* HBBEssenceTopicVoiceView.xib in Resources */,
			);
			runOnlyForDeploymentPostprocessing = 0;
		};
/* End PBXResourcesBuildPhase section */

/* Begin PBXShellScriptBuildPhase section */
		AA07EEFD059CC6AA969A929A /* Embed Pods Frameworks */ = {
			isa = PBXShellScriptBuildPhase;
			buildActionMask = 2147483647;
			files = (
			);
			inputPaths = (
			);
			name = "Embed Pods Frameworks";
			outputPaths = (
			);
			runOnlyForDeploymentPostprocessing = 0;
			shellPath = /bin/sh;
			shellScript = "\"${SRCROOT}/Pods/Target Support Files/Pods/Pods-frameworks.sh\"\n";
			showEnvVarsInLog = 0;
		};
		B6EC1B33CCAD0CDC86DFCECD /* Check Pods Manifest.lock */ = {
			isa = PBXShellScriptBuildPhase;
			buildActionMask = 2147483647;
			files = (
			);
			inputPaths = (
			);
			name = "Check Pods Manifest.lock";
			outputPaths = (
			);
			runOnlyForDeploymentPostprocessing = 0;
			shellPath = /bin/sh;
			shellScript = "diff \"${PODS_ROOT}/../Podfile.lock\" \"${PODS_ROOT}/Manifest.lock\" > /dev/null\nif [[ $? != 0 ]] ; then\n    cat << EOM\nerror: The sandbox is not in sync with the Podfile.lock. Run 'pod install' or update your CocoaPods installation.\nEOM\n    exit 1\nfi\n";
			showEnvVarsInLog = 0;
		};
		BF50D7C254C04D8F61C7E5D6 /* Copy Pods Resources */ = {
			isa = PBXShellScriptBuildPhase;
			buildActionMask = 2147483647;
			files = (
			);
			inputPaths = (
			);
			name = "Copy Pods Resources";
			outputPaths = (
			);
			runOnlyForDeploymentPostprocessing = 0;
			shellPath = /bin/sh;
			shellScript = "\"${SRCROOT}/Pods/Target Support Files/Pods/Pods-resources.sh\"\n";
			showEnvVarsInLog = 0;
		};
/* End PBXShellScriptBuildPhase section */

/* Begin PBXSourcesBuildPhase section */
		3FF0A9FF1C97A95F00D39D67 /* Sources */ = {
			isa = PBXSourcesBuildPhase;
			buildActionMask = 2147483647;
			files = (
				19AC9C911D153A4400E82C6D /* HBBEssenceViewController.m in Sources */,
				19928CF01D222A6700EA69F9 /* HBBSquareButton.m in Sources */,
				19AC9CC01D153A9000E82C6D /* HBBEssenceTopicVoiceView.m in Sources */,
				19AC9CB91D153A9000E82C6D /* HBBEssenceCommentHeaderView.m in Sources */,
				190A80641CA8CBDD00411705 /* UIBarButtonItem+HBBBarButtonItemExtension.m in Sources */,
				191218781D113A8D00060DB1 /* HBBPlaceHolderTextView.m in Sources */,
				19AC9C8E1D153A4400E82C6D /* HBBCommentViewController.m in Sources */,
				190A805A1CA8CBDD00411705 /* HBBPlaceholder.m in Sources */,
				19AC9CC21D153A9000E82C6D /* HBBProgressView.m in Sources */,
				190A80661CA8CBDD00411705 /* HBBNavigationController.m in Sources */,
				190A80611CA8CBDD00411705 /* HBBNewViewController.m in Sources */,
				190A80521CA8CBDD00411705 /* HBBFriendTrendsViewController.m in Sources */,
				191218761D113A8D00060DB1 /* HBBAddTagToolbar.m in Sources */,
				19928CF61D2259EB00EA69F9 /* HBBSquare.m in Sources */,
				1912186A1D113A8000060DB1 /* HBBPostWordViewController.m in Sources */,
				191218571D1133BF00060DB1 /* UIImage+HBBImageMask.m in Sources */,
				19AC9CC31D153A9000E82C6D /* HBBRecommandTagCell.m in Sources */,
				19AC9C9E1D153A7B00E82C6D /* HBBEssenceTopic.m in Sources */,
				190A806A1CA8CBDD00411705 /* HBBPushGuideView.m in Sources */,
				190A80631CA8CBDD00411705 /* NSDate+HBBNSDate.m in Sources */,
				19AC9CA01D153A7B00E82C6D /* HBBRecommendTag.m in Sources */,
				19928CE61D2229AB00EA69F9 /* HBBMeWebViewController.m in Sources */,
				1912186B1D113A8000060DB1 /* HBBPublicViewController.m in Sources */,
				190A806C1CA8CBDD00411705 /* HBBTabBar.m in Sources */,
				190A80591CA8CBDD00411705 /* HBBRecommendUser.m in Sources */,
				191218691D113A8000060DB1 /* HBBAddTagViewController.m in Sources */,
				19AC9C901D153A4400E82C6D /* HBBEssenceBaseTableViewController.m in Sources */,
				190A805F1CA8CBDD00411705 /* HBBVerticalButton.m in Sources */,
				190A80651CA8CBDD00411705 /* UIView+HBBPropertyExtension.m in Sources */,
				190A805B1CA8CBDD00411705 /* HBBRecomandCategoryCell.m in Sources */,
				19AC9C9F1D153A7B00E82C6D /* HBBEssenceUser.m in Sources */,
				19AC9CBA1D153A9000E82C6D /* HBBEssenceTopicCell.m in Sources */,
				1912187A1D113A8D00060DB1 /* HBBTagTextField.m in Sources */,
				190A80541CA8CBDD00411705 /* HBBLoginRegisterViewController.m in Sources */,
				190A805D1CA8CBDD00411705 /* HBBReconmandUserCell.m in Sources */,
				190A80671CA8CBDD00411705 /* HBBTabBarController.m in Sources */,
				191218791D113A8D00060DB1 /* HBBTagButton.m in Sources */,
				190A80681CA8CBDD00411705 /* HBBConst.m in Sources */,
				19AC9C921D153A4400E82C6D /* HBBRecommendTagsViewController.m in Sources */,
				19AC9CBE1D153A9000E82C6D /* HBBEssenceTopicVideoView.m in Sources */,
				19928CEA1D222A1B00EA69F9 /* HBBMeTableViewCell.m in Sources */,
				190A80601CA8CBDD00411705 /* HBBMeViewController.m in Sources */,
				3FF0AA141C97A95F00D39D67 /* amazingJ.xcdatamodeld in Sources */,
				19AC9CBC1D153A9000E82C6D /* HBBEssenceTopicPictureView.m in Sources */,
				190A80561CA8CBDD00411705 /* HBBRecomandViewController.m in Sources */,
				19928CED1D222A3700EA69F9 /* HBBMeFooterView.m in Sources */,
				190A80581CA8CBDD00411705 /* HBBRecomandCategory.m in Sources */,
				19AC9CB71D153A9000E82C6D /* HBBEssenceCommentCell.m in Sources */,
				19928CF31D222A8E00EA69F9 /* HBBSettingViewController.m in Sources */,
				1912185A1D11343B00060DB1 /* HBBTopWindow.m in Sources */,
				190A80691CA8CBDD00411705 /* main.m in Sources */,
				19AC9C9D1D153A7B00E82C6D /* HBBEssenceComment.m in Sources */,
				19AC9C931D153A4400E82C6D /* HBBShowBigPictureViewController.m in Sources */,
				190A80621CA8CBDD00411705 /* AppDelegate.m in Sources */,
			);
			runOnlyForDeploymentPostprocessing = 0;
		};
/* End PBXSourcesBuildPhase section */

/* Begin XCBuildConfiguration section */
		3FF0AA1B1C97A95F00D39D67 /* Debug */ = {
			isa = XCBuildConfiguration;
			buildSettings = {
				ALWAYS_SEARCH_USER_PATHS = NO;
				CLANG_CXX_LANGUAGE_STANDARD = "gnu++0x";
				CLANG_CXX_LIBRARY = "libc++";
				CLANG_ENABLE_MODULES = YES;
				CLANG_ENABLE_OBJC_ARC = YES;
				CLANG_WARN_BOOL_CONVERSION = YES;
				CLANG_WARN_CONSTANT_CONVERSION = YES;
				CLANG_WARN_DIRECT_OBJC_ISA_USAGE = YES_ERROR;
				CLANG_WARN_EMPTY_BODY = YES;
				CLANG_WARN_ENUM_CONVERSION = YES;
				CLANG_WARN_INT_CONVERSION = YES;
				CLANG_WARN_OBJC_ROOT_CLASS = YES_ERROR;
				CLANG_WARN_UNREACHABLE_CODE = YES;
				CLANG_WARN__DUPLICATE_METHOD_MATCH = YES;
				"CODE_SIGN_IDENTITY[sdk=iphoneos*]" = "iPhone Developer";
				COPY_PHASE_STRIP = NO;
				DEBUG_INFORMATION_FORMAT = dwarf;
				ENABLE_STRICT_OBJC_MSGSEND = YES;
				ENABLE_TESTABILITY = YES;
				GCC_C_LANGUAGE_STANDARD = gnu99;
				GCC_DYNAMIC_NO_PIC = NO;
				GCC_NO_COMMON_BLOCKS = YES;
				GCC_OPTIMIZATION_LEVEL = 0;
				GCC_PREPROCESSOR_DEFINITIONS = (
					"DEBUG=1",
					"$(inherited)",
				);
				GCC_WARN_64_TO_32_BIT_CONVERSION = YES;
				GCC_WARN_ABOUT_RETURN_TYPE = YES_ERROR;
				GCC_WARN_UNDECLARED_SELECTOR = YES;
				GCC_WARN_UNINITIALIZED_AUTOS = YES_AGGRESSIVE;
				GCC_WARN_UNUSED_FUNCTION = YES;
				GCC_WARN_UNUSED_VARIABLE = YES;
				IPHONEOS_DEPLOYMENT_TARGET = 9.2;
				MTL_ENABLE_DEBUG_INFO = YES;
				ONLY_ACTIVE_ARCH = YES;
				SDKROOT = iphoneos;
			};
			name = Debug;
		};
		3FF0AA1C1C97A95F00D39D67 /* Release */ = {
			isa = XCBuildConfiguration;
			buildSettings = {
				ALWAYS_SEARCH_USER_PATHS = NO;
				CLANG_CXX_LANGUAGE_STANDARD = "gnu++0x";
				CLANG_CXX_LIBRARY = "libc++";
				CLANG_ENABLE_MODULES = YES;
				CLANG_ENABLE_OBJC_ARC = YES;
				CLANG_WARN_BOOL_CONVERSION = YES;
				CLANG_WARN_CONSTANT_CONVERSION = YES;
				CLANG_WARN_DIRECT_OBJC_ISA_USAGE = YES_ERROR;
				CLANG_WARN_EMPTY_BODY = YES;
				CLANG_WARN_ENUM_CONVERSION = YES;
				CLANG_WARN_INT_CONVERSION = YES;
				CLANG_WARN_OBJC_ROOT_CLASS = YES_ERROR;
				CLANG_WARN_UNREACHABLE_CODE = YES;
				CLANG_WARN__DUPLICATE_METHOD_MATCH = YES;
				"CODE_SIGN_IDENTITY[sdk=iphoneos*]" = "iPhone Developer";
				COPY_PHASE_STRIP = NO;
				DEBUG_INFORMATION_FORMAT = "dwarf-with-dsym";
				ENABLE_NS_ASSERTIONS = NO;
				ENABLE_STRICT_OBJC_MSGSEND = YES;
				GCC_C_LANGUAGE_STANDARD = gnu99;
				GCC_NO_COMMON_BLOCKS = YES;
				GCC_WARN_64_TO_32_BIT_CONVERSION = YES;
				GCC_WARN_ABOUT_RETURN_TYPE = YES_ERROR;
				GCC_WARN_UNDECLARED_SELECTOR = YES;
				GCC_WARN_UNINITIALIZED_AUTOS = YES_AGGRESSIVE;
				GCC_WARN_UNUSED_FUNCTION = YES;
				GCC_WARN_UNUSED_VARIABLE = YES;
				IPHONEOS_DEPLOYMENT_TARGET = 9.2;
				MTL_ENABLE_DEBUG_INFO = NO;
				SDKROOT = iphoneos;
				VALIDATE_PRODUCT = YES;
			};
			name = Release;
		};
		3FF0AA1E1C97A95F00D39D67 /* Debug */ = {
			isa = XCBuildConfiguration;
			baseConfigurationReference = B3881DD64E572B4A27DF9C87 /* Pods.debug.xcconfig */;
			buildSettings = {
				ASSETCATALOG_COMPILER_APPICON_NAME = AppIcon;
				ASSETCATALOG_COMPILER_LAUNCHIMAGE_NAME = "Brand Assets";
				GCC_PREFIX_HEADER = amazingJ/class/Other/PrefixHeader.pch;
				INFOPLIST_FILE = amazingJ/Info.plist;
				LD_RUNPATH_SEARCH_PATHS = "$(inherited) @executable_path/Frameworks";
				PRODUCT_BUNDLE_IDENTIFIER = HBB.amazingJ;
				PRODUCT_NAME = "$(TARGET_NAME)";
				USER_HEADER_SEARCH_PATHS = "$(PODS_ROOT)/**";
			};
			name = Debug;
		};
		3FF0AA1F1C97A95F00D39D67 /* Release */ = {
			isa = XCBuildConfiguration;
			baseConfigurationReference = 0669AE8223E5404C2B41E9C2 /* Pods.release.xcconfig */;
			buildSettings = {
				ASSETCATALOG_COMPILER_APPICON_NAME = AppIcon;
				ASSETCATALOG_COMPILER_LAUNCHIMAGE_NAME = "Brand Assets";
				GCC_PREFIX_HEADER = amazingJ/class/Other/PrefixHeader.pch;
				INFOPLIST_FILE = amazingJ/Info.plist;
				LD_RUNPATH_SEARCH_PATHS = "$(inherited) @executable_path/Frameworks";
				PRODUCT_BUNDLE_IDENTIFIER = HBB.amazingJ;
				PRODUCT_NAME = "$(TARGET_NAME)";
				USER_HEADER_SEARCH_PATHS = "$(PODS_ROOT)/**";
			};
			name = Release;
		};
/* End XCBuildConfiguration section */

/* Begin XCConfigurationList section */
		3FF0A9FE1C97A95F00D39D67 /* Build configuration list for PBXProject "amazingJ" */ = {
			isa = XCConfigurationList;
			buildConfigurations = (
				3FF0AA1B1C97A95F00D39D67 /* Debug */,
				3FF0AA1C1C97A95F00D39D67 /* Release */,
			);
			defaultConfigurationIsVisible = 0;
			defaultConfigurationName = Release;
		};
		3FF0AA1D1C97A95F00D39D67 /* Build configuration list for PBXNativeTarget "amazingJ" */ = {
			isa = XCConfigurationList;
			buildConfigurations = (
				3FF0AA1E1C97A95F00D39D67 /* Debug */,
				3FF0AA1F1C97A95F00D39D67 /* Release */,
			);
			defaultConfigurationIsVisible = 0;
			defaultConfigurationName = Release;
		};
/* End XCConfigurationList section */

/* Begin XCVersionGroup section */
		3FF0AA121C97A95F00D39D67 /* amazingJ.xcdatamodeld */ = {
			isa = XCVersionGroup;
			children = (
				3FF0AA131C97A95F00D39D67 /* amazingJ.xcdatamodel */,
			);
			currentVersion = 3FF0AA131C97A95F00D39D67 /* amazingJ.xcdatamodel */;
			path = amazingJ.xcdatamodeld;
			sourceTree = "<group>";
			versionGroupType = wrapper.xcdatamodel;
		};
/* End XCVersionGroup section */
	};
	rootObject = 3FF0A9FB1C97A95F00D39D67 /* Project object */;
}
