// !$*UTF8*$!
{
	archiveVersion = 1;
	classes = {
	};
	objectVersion = 46;
	objects = {

/* Begin PBXBuildFile section */
		193F8E2A1CA3A7C000DB3DBD /* HBBPushGuideView.m in Sources */ = {isa = PBXBuildFile; fileRef = 193F8E291CA3A7C000DB3DBD /* HBBPushGuideView.m */; };
		193F8E2C1CA3A7D500DB3DBD /* HBBPushGuideView.xib in Resources */ = {isa = PBXBuildFile; fileRef = 193F8E2B1CA3A7D500DB3DBD /* HBBPushGuideView.xib */; };
		1990CA441CA2565100CABB94 /* HBBLoginRegisterViewController.m in Sources */ = {isa = PBXBuildFile; fileRef = 1990CA421CA2565100CABB94 /* HBBLoginRegisterViewController.m */; };
		1990CA451CA2565100CABB94 /* HBBLoginRegisterViewController.xib in Resources */ = {isa = PBXBuildFile; fileRef = 1990CA431CA2565100CABB94 /* HBBLoginRegisterViewController.xib */; };
		1990CA481CA26AED00CABB94 /* HBBVerticalButton.m in Sources */ = {isa = PBXBuildFile; fileRef = 1990CA471CA26AED00CABB94 /* HBBVerticalButton.m */; };
		1990CA4B1CA28F7700CABB94 /* HBBPlaceholder.m in Sources */ = {isa = PBXBuildFile; fileRef = 1990CA4A1CA28F7700CABB94 /* HBBPlaceholder.m */; };
		2D2A546010F86ED7C6D8D630 /* libPods.a in Frameworks */ = {isa = PBXBuildFile; fileRef = 9B8460F6B6373B529B360F14 /* libPods.a */; };
		3F3E3DB71C9E874D003F8BB6 /* HBBRecommandTagCell.m in Sources */ = {isa = PBXBuildFile; fileRef = 3F3E3DB51C9E874D003F8BB6 /* HBBRecommandTagCell.m */; };
		3F3E3DB81C9E874D003F8BB6 /* HBBRecommandTagCell.xib in Resources */ = {isa = PBXBuildFile; fileRef = 3F3E3DB61C9E874D003F8BB6 /* HBBRecommandTagCell.xib */; };
		3F513D161C9AAAEF009FABF9 /* HBBReconmandUserCell.m in Sources */ = {isa = PBXBuildFile; fileRef = 3F513D141C9AAAEF009FABF9 /* HBBReconmandUserCell.m */; };
		3F513D171C9AAAEF009FABF9 /* HBBReconmandUserCell.xib in Resources */ = {isa = PBXBuildFile; fileRef = 3F513D151C9AAAEF009FABF9 /* HBBReconmandUserCell.xib */; };
		3F513D1A1C9AC1CE009FABF9 /* HBBRecommendUser.m in Sources */ = {isa = PBXBuildFile; fileRef = 3F513D191C9AC1CE009FABF9 /* HBBRecommendUser.m */; };
		3F6012F11C98327400886A6F /* HBBNavigationController.m in Sources */ = {isa = PBXBuildFile; fileRef = 3F6012F01C98327400886A6F /* HBBNavigationController.m */; };
		3F6012F31C98478600886A6F /* HBBFriendTrendsViewController.xib in Resources */ = {isa = PBXBuildFile; fileRef = 3F6012F21C98478600886A6F /* HBBFriendTrendsViewController.xib */; };
		3F6EE4591C9A5A1B00D57BCA /* HBBRecomandCategory.m in Sources */ = {isa = PBXBuildFile; fileRef = 3F6EE4581C9A5A1B00D57BCA /* HBBRecomandCategory.m */; };
		3F6EE45D1C9A5BD600D57BCA /* HBBRecomandCategoryCell.m in Sources */ = {isa = PBXBuildFile; fileRef = 3F6EE45B1C9A5BD600D57BCA /* HBBRecomandCategoryCell.m */; };
		3F6EE45E1C9A5BD600D57BCA /* HBBRecomandCategoryCell.xib in Resources */ = {isa = PBXBuildFile; fileRef = 3F6EE45C1C9A5BD600D57BCA /* HBBRecomandCategoryCell.xib */; };
		3FC0F5B61C9D91A900FDEE71 /* HBBRecommendTagsViewController.m in Sources */ = {isa = PBXBuildFile; fileRef = 3FC0F5B51C9D91A900FDEE71 /* HBBRecommendTagsViewController.m */; };
		3FC0F5B91C9D944000FDEE71 /* HBBRecommendTag.m in Sources */ = {isa = PBXBuildFile; fileRef = 3FC0F5B81C9D944000FDEE71 /* HBBRecommendTag.m */; };
		3FC3AAAD1C9937010099D3D1 /* HBBRecomandViewController.m in Sources */ = {isa = PBXBuildFile; fileRef = 3FC3AAAB1C9937010099D3D1 /* HBBRecomandViewController.m */; };
		3FC3AAAE1C9937010099D3D1 /* HBBRecomandViewController.xib in Resources */ = {isa = PBXBuildFile; fileRef = 3FC3AAAC1C9937010099D3D1 /* HBBRecomandViewController.xib */; };
		3FF0AA141C97A95F00D39D67 /* amazingJ.xcdatamodeld in Sources */ = {isa = PBXBuildFile; fileRef = 3FF0AA121C97A95F00D39D67 /* amazingJ.xcdatamodeld */; };
		3FF0AA211C97CBD900D39D67 /* Assets.xcassets in Resources */ = {isa = PBXBuildFile; fileRef = 3FF0AA201C97CBD900D39D67 /* Assets.xcassets */; };
		3FF6777D1C982811008CA359 /* HBBEssenceViewController.m in Sources */ = {isa = PBXBuildFile; fileRef = 3FF677581C982811008CA359 /* HBBEssenceViewController.m */; };
		3FF6777E1C982811008CA359 /* HBBFriendTrendsViewController.m in Sources */ = {isa = PBXBuildFile; fileRef = 3FF6775E1C982811008CA359 /* HBBFriendTrendsViewController.m */; };
		3FF6777F1C982811008CA359 /* HBBMeViewController.m in Sources */ = {isa = PBXBuildFile; fileRef = 3FF677641C982811008CA359 /* HBBMeViewController.m */; };
		3FF677801C982811008CA359 /* HBBNewViewController.m in Sources */ = {isa = PBXBuildFile; fileRef = 3FF6776A1C982811008CA359 /* HBBNewViewController.m */; };
		3FF677811C982811008CA359 /* AppDelegate.m in Sources */ = {isa = PBXBuildFile; fileRef = 3FF6776F1C982811008CA359 /* AppDelegate.m */; };
		3FF677821C982811008CA359 /* UIBarButtonItem+HBBBarButtonItemExtension.m in Sources */ = {isa = PBXBuildFile; fileRef = 3FF677721C982811008CA359 /* UIBarButtonItem+HBBBarButtonItemExtension.m */; };
		3FF677831C982811008CA359 /* UIView+HBBPropertyExtension.m in Sources */ = {isa = PBXBuildFile; fileRef = 3FF677741C982811008CA359 /* UIView+HBBPropertyExtension.m */; };
		3FF677841C982811008CA359 /* HBBTabBarController.m in Sources */ = {isa = PBXBuildFile; fileRef = 3FF677771C982811008CA359 /* HBBTabBarController.m */; };
		3FF677851C982811008CA359 /* main.m in Sources */ = {isa = PBXBuildFile; fileRef = 3FF677781C982811008CA359 /* main.m */; };
		3FF677861C982811008CA359 /* HBBTabBar.m in Sources */ = {isa = PBXBuildFile; fileRef = 3FF6777C1C982811008CA359 /* HBBTabBar.m */; };
/* End PBXBuildFile section */

/* Begin PBXFileReference section */
		0669AE8223E5404C2B41E9C2 /* Pods.release.xcconfig */ = {isa = PBXFileReference; includeInIndex = 1; lastKnownFileType = text.xcconfig; name = Pods.release.xcconfig; path = "Pods/Target Support Files/Pods/Pods.release.xcconfig"; sourceTree = "<group>"; };
		193F8E281CA3A7C000DB3DBD /* HBBPushGuideView.h */ = {isa = PBXFileReference; fileEncoding = 4; lastKnownFileType = sourcecode.c.h; path = HBBPushGuideView.h; sourceTree = "<group>"; };
		193F8E291CA3A7C000DB3DBD /* HBBPushGuideView.m */ = {isa = PBXFileReference; fileEncoding = 4; lastKnownFileType = sourcecode.c.objc; path = HBBPushGuideView.m; sourceTree = "<group>"; };
		193F8E2B1CA3A7D500DB3DBD /* HBBPushGuideView.xib */ = {isa = PBXFileReference; fileEncoding = 4; lastKnownFileType = file.xib; path = HBBPushGuideView.xib; sourceTree = "<group>"; };
		1990CA411CA2565100CABB94 /* HBBLoginRegisterViewController.h */ = {isa = PBXFileReference; fileEncoding = 4; lastKnownFileType = sourcecode.c.h; path = HBBLoginRegisterViewController.h; sourceTree = "<group>"; };
		1990CA421CA2565100CABB94 /* HBBLoginRegisterViewController.m */ = {isa = PBXFileReference; fileEncoding = 4; lastKnownFileType = sourcecode.c.objc; path = HBBLoginRegisterViewController.m; sourceTree = "<group>"; };
		1990CA431CA2565100CABB94 /* HBBLoginRegisterViewController.xib */ = {isa = PBXFileReference; fileEncoding = 4; lastKnownFileType = file.xib; path = HBBLoginRegisterViewController.xib; sourceTree = "<group>"; };
		1990CA461CA26AED00CABB94 /* HBBVerticalButton.h */ = {isa = PBXFileReference; fileEncoding = 4; lastKnownFileType = sourcecode.c.h; name = HBBVerticalButton.h; path = amazingJ/class/FriendTrends/controller/HBBVerticalButton.h; sourceTree = SOURCE_ROOT; };
		1990CA471CA26AED00CABB94 /* HBBVerticalButton.m */ = {isa = PBXFileReference; fileEncoding = 4; lastKnownFileType = sourcecode.c.objc; name = HBBVerticalButton.m; path = amazingJ/class/FriendTrends/controller/HBBVerticalButton.m; sourceTree = SOURCE_ROOT; };
		1990CA491CA28F7700CABB94 /* HBBPlaceholder.h */ = {isa = PBXFileReference; fileEncoding = 4; lastKnownFileType = sourcecode.c.h; name = HBBPlaceholder.h; path = amazingJ/class/FriendTrends/controller/HBBPlaceholder.h; sourceTree = SOURCE_ROOT; };
		1990CA4A1CA28F7700CABB94 /* HBBPlaceholder.m */ = {isa = PBXFileReference; fileEncoding = 4; lastKnownFileType = sourcecode.c.objc; name = HBBPlaceholder.m; path = amazingJ/class/FriendTrends/controller/HBBPlaceholder.m; sourceTree = SOURCE_ROOT; };
		3F3E3DB41C9E874D003F8BB6 /* HBBRecommandTagCell.h */ = {isa = PBXFileReference; fileEncoding = 4; lastKnownFileType = sourcecode.c.h; name = HBBRecommandTagCell.h; path = amazingJ/class/Essence/controller/HBBRecommandTagCell.h; sourceTree = SOURCE_ROOT; };
		3F3E3DB51C9E874D003F8BB6 /* HBBRecommandTagCell.m */ = {isa = PBXFileReference; fileEncoding = 4; lastKnownFileType = sourcecode.c.objc; name = HBBRecommandTagCell.m; path = amazingJ/class/Essence/controller/HBBRecommandTagCell.m; sourceTree = SOURCE_ROOT; };
		3F3E3DB61C9E874D003F8BB6 /* HBBRecommandTagCell.xib */ = {isa = PBXFileReference; fileEncoding = 4; lastKnownFileType = file.xib; name = HBBRecommandTagCell.xib; path = amazingJ/class/Essence/controller/HBBRecommandTagCell.xib; sourceTree = SOURCE_ROOT; };
		3F513D131C9AAAEF009FABF9 /* HBBReconmandUserCell.h */ = {isa = PBXFileReference; fileEncoding = 4; lastKnownFileType = sourcecode.c.h; name = HBBReconmandUserCell.h; path = Pods/HBBReconmandUserCell.h; sourceTree = SOURCE_ROOT; };
		3F513D141C9AAAEF009FABF9 /* HBBReconmandUserCell.m */ = {isa = PBXFileReference; fileEncoding = 4; lastKnownFileType = sourcecode.c.objc; name = HBBReconmandUserCell.m; path = Pods/HBBReconmandUserCell.m; sourceTree = SOURCE_ROOT; };
		3F513D151C9AAAEF009FABF9 /* HBBReconmandUserCell.xib */ = {isa = PBXFileReference; fileEncoding = 4; lastKnownFileType = file.xib; name = HBBReconmandUserCell.xib; path = Pods/HBBReconmandUserCell.xib; sourceTree = SOURCE_ROOT; };
		3F513D181C9AC1CE009FABF9 /* HBBRecommendUser.h */ = {isa = PBXFileReference; fileEncoding = 4; lastKnownFileType = sourcecode.c.h; name = HBBRecommendUser.h; path = Pods/HBBRecommendUser.h; sourceTree = SOURCE_ROOT; };
		3F513D191C9AC1CE009FABF9 /* HBBRecommendUser.m */ = {isa = PBXFileReference; fileEncoding = 4; lastKnownFileType = sourcecode.c.objc; name = HBBRecommendUser.m; path = Pods/HBBRecommendUser.m; sourceTree = SOURCE_ROOT; };
		3F6012EF1C98327400886A6F /* HBBNavigationController.h */ = {isa = PBXFileReference; fileEncoding = 4; lastKnownFileType = sourcecode.c.h; path = HBBNavigationController.h; sourceTree = "<group>"; };
		3F6012F01C98327400886A6F /* HBBNavigationController.m */ = {isa = PBXFileReference; fileEncoding = 4; lastKnownFileType = sourcecode.c.objc; path = HBBNavigationController.m; sourceTree = "<group>"; };
		3F6012F21C98478600886A6F /* HBBFriendTrendsViewController.xib */ = {isa = PBXFileReference; fileEncoding = 4; lastKnownFileType = file.xib; path = HBBFriendTrendsViewController.xib; sourceTree = "<group>"; };
		3F6EE4331C9A355000D57BCA /* AFHTTPSessionManager.h */ = {isa = PBXFileReference; lastKnownFileType = sourcecode.c.h; path = AFHTTPSessionManager.h; sourceTree = "<group>"; };
		3F6EE4341C9A355000D57BCA /* AFHTTPSessionManager.m */ = {isa = PBXFileReference; lastKnownFileType = sourcecode.c.objc; path = AFHTTPSessionManager.m; sourceTree = "<group>"; };
		3F6EE4351C9A355000D57BCA /* AFNetworking.h */ = {isa = PBXFileReference; lastKnownFileType = sourcecode.c.h; path = AFNetworking.h; sourceTree = "<group>"; };
		3F6EE4361C9A355000D57BCA /* AFNetworkReachabilityManager.h */ = {isa = PBXFileReference; lastKnownFileType = sourcecode.c.h; path = AFNetworkReachabilityManager.h; sourceTree = "<group>"; };
		3F6EE4371C9A355000D57BCA /* AFNetworkReachabilityManager.m */ = {isa = PBXFileReference; lastKnownFileType = sourcecode.c.objc; path = AFNetworkReachabilityManager.m; sourceTree = "<group>"; };
		3F6EE4381C9A355000D57BCA /* AFSecurityPolicy.h */ = {isa = PBXFileReference; lastKnownFileType = sourcecode.c.h; path = AFSecurityPolicy.h; sourceTree = "<group>"; };
		3F6EE4391C9A355000D57BCA /* AFSecurityPolicy.m */ = {isa = PBXFileReference; lastKnownFileType = sourcecode.c.objc; path = AFSecurityPolicy.m; sourceTree = "<group>"; };
		3F6EE43A1C9A355000D57BCA /* AFURLRequestSerialization.h */ = {isa = PBXFileReference; lastKnownFileType = sourcecode.c.h; path = AFURLRequestSerialization.h; sourceTree = "<group>"; };
		3F6EE43B1C9A355000D57BCA /* AFURLRequestSerialization.m */ = {isa = PBXFileReference; lastKnownFileType = sourcecode.c.objc; path = AFURLRequestSerialization.m; sourceTree = "<group>"; };
		3F6EE43C1C9A355000D57BCA /* AFURLResponseSerialization.h */ = {isa = PBXFileReference; lastKnownFileType = sourcecode.c.h; path = AFURLResponseSerialization.h; sourceTree = "<group>"; };
		3F6EE43D1C9A355000D57BCA /* AFURLResponseSerialization.m */ = {isa = PBXFileReference; lastKnownFileType = sourcecode.c.objc; path = AFURLResponseSerialization.m; sourceTree = "<group>"; };
		3F6EE43E1C9A355000D57BCA /* AFURLSessionManager.h */ = {isa = PBXFileReference; lastKnownFileType = sourcecode.c.h; path = AFURLSessionManager.h; sourceTree = "<group>"; };
		3F6EE43F1C9A355000D57BCA /* AFURLSessionManager.m */ = {isa = PBXFileReference; lastKnownFileType = sourcecode.c.objc; path = AFURLSessionManager.m; sourceTree = "<group>"; };
		3F6EE4401C9A355000D57BCA /* LICENSE */ = {isa = PBXFileReference; lastKnownFileType = text; path = LICENSE; sourceTree = "<group>"; };
		3F6EE4411C9A355000D57BCA /* README.md */ = {isa = PBXFileReference; lastKnownFileType = net.daringfireball.markdown; path = README.md; sourceTree = "<group>"; };
		3F6EE4431C9A355000D57BCA /* AFAutoPurgingImageCache.h */ = {isa = PBXFileReference; lastKnownFileType = sourcecode.c.h; path = AFAutoPurgingImageCache.h; sourceTree = "<group>"; };
		3F6EE4441C9A355000D57BCA /* AFAutoPurgingImageCache.m */ = {isa = PBXFileReference; lastKnownFileType = sourcecode.c.objc; path = AFAutoPurgingImageCache.m; sourceTree = "<group>"; };
		3F6EE4451C9A355000D57BCA /* AFImageDownloader.h */ = {isa = PBXFileReference; lastKnownFileType = sourcecode.c.h; path = AFImageDownloader.h; sourceTree = "<group>"; };
		3F6EE4461C9A355000D57BCA /* AFImageDownloader.m */ = {isa = PBXFileReference; lastKnownFileType = sourcecode.c.objc; path = AFImageDownloader.m; sourceTree = "<group>"; };
		3F6EE4471C9A355000D57BCA /* AFNetworkActivityIndicatorManager.h */ = {isa = PBXFileReference; lastKnownFileType = sourcecode.c.h; path = AFNetworkActivityIndicatorManager.h; sourceTree = "<group>"; };
		3F6EE4481C9A355000D57BCA /* AFNetworkActivityIndicatorManager.m */ = {isa = PBXFileReference; lastKnownFileType = sourcecode.c.objc; path = AFNetworkActivityIndicatorManager.m; sourceTree = "<group>"; };
		3F6EE4491C9A355000D57BCA /* UIActivityIndicatorView+AFNetworking.h */ = {isa = PBXFileReference; lastKnownFileType = sourcecode.c.h; path = "UIActivityIndicatorView+AFNetworking.h"; sourceTree = "<group>"; };
		3F6EE44A1C9A355000D57BCA /* UIActivityIndicatorView+AFNetworking.m */ = {isa = PBXFileReference; lastKnownFileType = sourcecode.c.objc; path = "UIActivityIndicatorView+AFNetworking.m"; sourceTree = "<group>"; };
		3F6EE44B1C9A355000D57BCA /* UIButton+AFNetworking.h */ = {isa = PBXFileReference; lastKnownFileType = sourcecode.c.h; path = "UIButton+AFNetworking.h"; sourceTree = "<group>"; };
		3F6EE44C1C9A355000D57BCA /* UIButton+AFNetworking.m */ = {isa = PBXFileReference; lastKnownFileType = sourcecode.c.objc; path = "UIButton+AFNetworking.m"; sourceTree = "<group>"; };
		3F6EE44D1C9A355000D57BCA /* UIImage+AFNetworking.h */ = {isa = PBXFileReference; lastKnownFileType = sourcecode.c.h; path = "UIImage+AFNetworking.h"; sourceTree = "<group>"; };
		3F6EE44E1C9A355000D57BCA /* UIImageView+AFNetworking.h */ = {isa = PBXFileReference; lastKnownFileType = sourcecode.c.h; path = "UIImageView+AFNetworking.h"; sourceTree = "<group>"; };
		3F6EE44F1C9A355000D57BCA /* UIImageView+AFNetworking.m */ = {isa = PBXFileReference; lastKnownFileType = sourcecode.c.objc; path = "UIImageView+AFNetworking.m"; sourceTree = "<group>"; };
		3F6EE4501C9A355000D57BCA /* UIKit+AFNetworking.h */ = {isa = PBXFileReference; lastKnownFileType = sourcecode.c.h; path = "UIKit+AFNetworking.h"; sourceTree = "<group>"; };
		3F6EE4511C9A355000D57BCA /* UIProgressView+AFNetworking.h */ = {isa = PBXFileReference; lastKnownFileType = sourcecode.c.h; path = "UIProgressView+AFNetworking.h"; sourceTree = "<group>"; };
		3F6EE4521C9A355000D57BCA /* UIProgressView+AFNetworking.m */ = {isa = PBXFileReference; lastKnownFileType = sourcecode.c.objc; path = "UIProgressView+AFNetworking.m"; sourceTree = "<group>"; };
		3F6EE4531C9A355000D57BCA /* UIRefreshControl+AFNetworking.h */ = {isa = PBXFileReference; lastKnownFileType = sourcecode.c.h; path = "UIRefreshControl+AFNetworking.h"; sourceTree = "<group>"; };
		3F6EE4541C9A355000D57BCA /* UIRefreshControl+AFNetworking.m */ = {isa = PBXFileReference; lastKnownFileType = sourcecode.c.objc; path = "UIRefreshControl+AFNetworking.m"; sourceTree = "<group>"; };
		3F6EE4551C9A355000D57BCA /* UIWebView+AFNetworking.h */ = {isa = PBXFileReference; lastKnownFileType = sourcecode.c.h; path = "UIWebView+AFNetworking.h"; sourceTree = "<group>"; };
		3F6EE4561C9A355000D57BCA /* UIWebView+AFNetworking.m */ = {isa = PBXFileReference; lastKnownFileType = sourcecode.c.objc; path = "UIWebView+AFNetworking.m"; sourceTree = "<group>"; };
		3F6EE4571C9A5A1B00D57BCA /* HBBRecomandCategory.h */ = {isa = PBXFileReference; fileEncoding = 4; lastKnownFileType = sourcecode.c.h; name = HBBRecomandCategory.h; path = Pods/HBBRecomandCategory.h; sourceTree = SOURCE_ROOT; };
		3F6EE4581C9A5A1B00D57BCA /* HBBRecomandCategory.m */ = {isa = PBXFileReference; fileEncoding = 4; lastKnownFileType = sourcecode.c.objc; name = HBBRecomandCategory.m; path = Pods/HBBRecomandCategory.m; sourceTree = SOURCE_ROOT; };
		3F6EE45A1C9A5BD600D57BCA /* HBBRecomandCategoryCell.h */ = {isa = PBXFileReference; fileEncoding = 4; lastKnownFileType = sourcecode.c.h; name = HBBRecomandCategoryCell.h; path = Pods/HBBRecomandCategoryCell.h; sourceTree = SOURCE_ROOT; };
		3F6EE45B1C9A5BD600D57BCA /* HBBRecomandCategoryCell.m */ = {isa = PBXFileReference; fileEncoding = 4; lastKnownFileType = sourcecode.c.objc; name = HBBRecomandCategoryCell.m; path = Pods/HBBRecomandCategoryCell.m; sourceTree = SOURCE_ROOT; };
		3F6EE45C1C9A5BD600D57BCA /* HBBRecomandCategoryCell.xib */ = {isa = PBXFileReference; fileEncoding = 4; lastKnownFileType = file.xib; name = HBBRecomandCategoryCell.xib; path = Pods/HBBRecomandCategoryCell.xib; sourceTree = SOURCE_ROOT; };
		3FC0F5B41C9D91A900FDEE71 /* HBBRecommendTagsViewController.h */ = {isa = PBXFileReference; fileEncoding = 4; lastKnownFileType = sourcecode.c.h; path = HBBRecommendTagsViewController.h; sourceTree = "<group>"; };
		3FC0F5B51C9D91A900FDEE71 /* HBBRecommendTagsViewController.m */ = {isa = PBXFileReference; fileEncoding = 4; lastKnownFileType = sourcecode.c.objc; path = HBBRecommendTagsViewController.m; sourceTree = "<group>"; };
		3FC0F5B71C9D944000FDEE71 /* HBBRecommendTag.h */ = {isa = PBXFileReference; fileEncoding = 4; lastKnownFileType = sourcecode.c.h; name = HBBRecommendTag.h; path = amazingJ/class/Essence/controller/HBBRecommendTag.h; sourceTree = SOURCE_ROOT; };
		3FC0F5B81C9D944000FDEE71 /* HBBRecommendTag.m */ = {isa = PBXFileReference; fileEncoding = 4; lastKnownFileType = sourcecode.c.objc; name = HBBRecommendTag.m; path = amazingJ/class/Essence/controller/HBBRecommendTag.m; sourceTree = SOURCE_ROOT; };
		3FC3AAAA1C9937010099D3D1 /* HBBRecomandViewController.h */ = {isa = PBXFileReference; fileEncoding = 4; lastKnownFileType = sourcecode.c.h; path = HBBRecomandViewController.h; sourceTree = "<group>"; };
		3FC3AAAB1C9937010099D3D1 /* HBBRecomandViewController.m */ = {isa = PBXFileReference; fileEncoding = 4; lastKnownFileType = sourcecode.c.objc; path = HBBRecomandViewController.m; sourceTree = "<group>"; };
		3FC3AAAC1C9937010099D3D1 /* HBBRecomandViewController.xib */ = {isa = PBXFileReference; fileEncoding = 4; lastKnownFileType = file.xib; path = HBBRecomandViewController.xib; sourceTree = "<group>"; };
		3FF0AA031C97A95F00D39D67 /* amazingJ.app */ = {isa = PBXFileReference; explicitFileType = wrapper.application; includeInIndex = 0; path = amazingJ.app; sourceTree = BUILT_PRODUCTS_DIR; };
		3FF0AA131C97A95F00D39D67 /* amazingJ.xcdatamodel */ = {isa = PBXFileReference; lastKnownFileType = wrapper.xcdatamodel; path = amazingJ.xcdatamodel; sourceTree = "<group>"; };
		3FF0AA1A1C97A95F00D39D67 /* Info.plist */ = {isa = PBXFileReference; lastKnownFileType = text.plist.xml; path = Info.plist; sourceTree = "<group>"; };
		3FF0AA201C97CBD900D39D67 /* Assets.xcassets */ = {isa = PBXFileReference; lastKnownFileType = folder.assetcatalog; path = Assets.xcassets; sourceTree = "<group>"; };
		3FF677571C982811008CA359 /* HBBEssenceViewController.h */ = {isa = PBXFileReference; fileEncoding = 4; lastKnownFileType = sourcecode.c.h; path = HBBEssenceViewController.h; sourceTree = "<group>"; };
		3FF677581C982811008CA359 /* HBBEssenceViewController.m */ = {isa = PBXFileReference; fileEncoding = 4; lastKnownFileType = sourcecode.c.objc; path = HBBEssenceViewController.m; sourceTree = "<group>"; };
		3FF6775D1C982811008CA359 /* HBBFriendTrendsViewController.h */ = {isa = PBXFileReference; fileEncoding = 4; lastKnownFileType = sourcecode.c.h; path = HBBFriendTrendsViewController.h; sourceTree = "<group>"; };
		3FF6775E1C982811008CA359 /* HBBFriendTrendsViewController.m */ = {isa = PBXFileReference; fileEncoding = 4; lastKnownFileType = sourcecode.c.objc; path = HBBFriendTrendsViewController.m; sourceTree = "<group>"; };
		3FF677631C982811008CA359 /* HBBMeViewController.h */ = {isa = PBXFileReference; fileEncoding = 4; lastKnownFileType = sourcecode.c.h; path = HBBMeViewController.h; sourceTree = "<group>"; };
		3FF677641C982811008CA359 /* HBBMeViewController.m */ = {isa = PBXFileReference; fileEncoding = 4; lastKnownFileType = sourcecode.c.objc; path = HBBMeViewController.m; sourceTree = "<group>"; };
		3FF677691C982811008CA359 /* HBBNewViewController.h */ = {isa = PBXFileReference; fileEncoding = 4; lastKnownFileType = sourcecode.c.h; path = HBBNewViewController.h; sourceTree = "<group>"; };
		3FF6776A1C982811008CA359 /* HBBNewViewController.m */ = {isa = PBXFileReference; fileEncoding = 4; lastKnownFileType = sourcecode.c.objc; path = HBBNewViewController.m; sourceTree = "<group>"; };
		3FF6776E1C982811008CA359 /* AppDelegate.h */ = {isa = PBXFileReference; fileEncoding = 4; lastKnownFileType = sourcecode.c.h; path = AppDelegate.h; sourceTree = "<group>"; };
		3FF6776F1C982811008CA359 /* AppDelegate.m */ = {isa = PBXFileReference; fileEncoding = 4; lastKnownFileType = sourcecode.c.objc; path = AppDelegate.m; sourceTree = "<group>"; };
		3FF677711C982811008CA359 /* UIBarButtonItem+HBBBarButtonItemExtension.h */ = {isa = PBXFileReference; fileEncoding = 4; lastKnownFileType = sourcecode.c.h; path = "UIBarButtonItem+HBBBarButtonItemExtension.h"; sourceTree = "<group>"; };
		3FF677721C982811008CA359 /* UIBarButtonItem+HBBBarButtonItemExtension.m */ = {isa = PBXFileReference; fileEncoding = 4; lastKnownFileType = sourcecode.c.objc; path = "UIBarButtonItem+HBBBarButtonItemExtension.m"; sourceTree = "<group>"; };
		3FF677731C982811008CA359 /* UIView+HBBPropertyExtension.h */ = {isa = PBXFileReference; fileEncoding = 4; lastKnownFileType = sourcecode.c.h; path = "UIView+HBBPropertyExtension.h"; sourceTree = "<group>"; };
		3FF677741C982811008CA359 /* UIView+HBBPropertyExtension.m */ = {isa = PBXFileReference; fileEncoding = 4; lastKnownFileType = sourcecode.c.objc; path = "UIView+HBBPropertyExtension.m"; sourceTree = "<group>"; };
		3FF677761C982811008CA359 /* HBBTabBarController.h */ = {isa = PBXFileReference; fileEncoding = 4; lastKnownFileType = sourcecode.c.h; path = HBBTabBarController.h; sourceTree = "<group>"; };
		3FF677771C982811008CA359 /* HBBTabBarController.m */ = {isa = PBXFileReference; fileEncoding = 4; lastKnownFileType = sourcecode.c.objc; path = HBBTabBarController.m; sourceTree = "<group>"; };
		3FF677781C982811008CA359 /* main.m */ = {isa = PBXFileReference; fileEncoding = 4; lastKnownFileType = sourcecode.c.objc; path = main.m; sourceTree = "<group>"; };
		3FF677791C982811008CA359 /* PrefixHeader.pch */ = {isa = PBXFileReference; fileEncoding = 4; lastKnownFileType = sourcecode.c.h; path = PrefixHeader.pch; sourceTree = "<group>"; };
		3FF6777B1C982811008CA359 /* HBBTabBar.h */ = {isa = PBXFileReference; fileEncoding = 4; lastKnownFileType = sourcecode.c.h; path = HBBTabBar.h; sourceTree = "<group>"; };
		3FF6777C1C982811008CA359 /* HBBTabBar.m */ = {isa = PBXFileReference; fileEncoding = 4; lastKnownFileType = sourcecode.c.objc; path = HBBTabBar.m; sourceTree = "<group>"; };
		9B8460F6B6373B529B360F14 /* libPods.a */ = {isa = PBXFileReference; explicitFileType = archive.ar; includeInIndex = 0; path = libPods.a; sourceTree = BUILT_PRODUCTS_DIR; };
		B3881DD64E572B4A27DF9C87 /* Pods.debug.xcconfig */ = {isa = PBXFileReference; includeInIndex = 1; lastKnownFileType = text.xcconfig; name = Pods.debug.xcconfig; path = "Pods/Target Support Files/Pods/Pods.debug.xcconfig"; sourceTree = "<group>"; };
/* End PBXFileReference section */

/* Begin PBXFrameworksBuildPhase section */
		3FF0AA001C97A95F00D39D67 /* Frameworks */ = {
			isa = PBXFrameworksBuildPhase;
			buildActionMask = 2147483647;
			files = (
				2D2A546010F86ED7C6D8D630 /* libPods.a in Frameworks */,
			);
			runOnlyForDeploymentPostprocessing = 0;
		};
/* End PBXFrameworksBuildPhase section */

/* Begin PBXGroup section */
		3F6EE4311C9A355000D57BCA /* AFNetworking */ = {
			isa = PBXGroup;
			children = (
				3F6EE4321C9A355000D57BCA /* AFNetworking */,
				3F6EE4401C9A355000D57BCA /* LICENSE */,
				3F6EE4411C9A355000D57BCA /* README.md */,
				3F6EE4421C9A355000D57BCA /* UIKit+AFNetworking */,
			);
			name = AFNetworking;
			path = Pods/AFNetworking;
			sourceTree = "<group>";
		};
		3F6EE4321C9A355000D57BCA /* AFNetworking */ = {
			isa = PBXGroup;
			children = (
				3F6EE4331C9A355000D57BCA /* AFHTTPSessionManager.h */,
				3F6EE4341C9A355000D57BCA /* AFHTTPSessionManager.m */,
				3F6EE4351C9A355000D57BCA /* AFNetworking.h */,
				3F6EE4361C9A355000D57BCA /* AFNetworkReachabilityManager.h */,
				3F6EE4371C9A355000D57BCA /* AFNetworkReachabilityManager.m */,
				3F6EE4381C9A355000D57BCA /* AFSecurityPolicy.h */,
				3F6EE4391C9A355000D57BCA /* AFSecurityPolicy.m */,
				3F6EE43A1C9A355000D57BCA /* AFURLRequestSerialization.h */,
				3F6EE43B1C9A355000D57BCA /* AFURLRequestSerialization.m */,
				3F6EE43C1C9A355000D57BCA /* AFURLResponseSerialization.h */,
				3F6EE43D1C9A355000D57BCA /* AFURLResponseSerialization.m */,
				3F6EE43E1C9A355000D57BCA /* AFURLSessionManager.h */,
				3F6EE43F1C9A355000D57BCA /* AFURLSessionManager.m */,
			);
			path = AFNetworking;
			sourceTree = "<group>";
		};
		3F6EE4421C9A355000D57BCA /* UIKit+AFNetworking */ = {
			isa = PBXGroup;
			children = (
				3F6EE4431C9A355000D57BCA /* AFAutoPurgingImageCache.h */,
				3F6EE4441C9A355000D57BCA /* AFAutoPurgingImageCache.m */,
				3F6EE4451C9A355000D57BCA /* AFImageDownloader.h */,
				3F6EE4461C9A355000D57BCA /* AFImageDownloader.m */,
				3F6EE4471C9A355000D57BCA /* AFNetworkActivityIndicatorManager.h */,
				3F6EE4481C9A355000D57BCA /* AFNetworkActivityIndicatorManager.m */,
				3F6EE4491C9A355000D57BCA /* UIActivityIndicatorView+AFNetworking.h */,
				3F6EE44A1C9A355000D57BCA /* UIActivityIndicatorView+AFNetworking.m */,
				3F6EE44B1C9A355000D57BCA /* UIButton+AFNetworking.h */,
				3F6EE44C1C9A355000D57BCA /* UIButton+AFNetworking.m */,
				3F6EE44D1C9A355000D57BCA /* UIImage+AFNetworking.h */,
				3F6EE44E1C9A355000D57BCA /* UIImageView+AFNetworking.h */,
				3F6EE44F1C9A355000D57BCA /* UIImageView+AFNetworking.m */,
				3F6EE4501C9A355000D57BCA /* UIKit+AFNetworking.h */,
				3F6EE4511C9A355000D57BCA /* UIProgressView+AFNetworking.h */,
				3F6EE4521C9A355000D57BCA /* UIProgressView+AFNetworking.m */,
				3F6EE4531C9A355000D57BCA /* UIRefreshControl+AFNetworking.h */,
				3F6EE4541C9A355000D57BCA /* UIRefreshControl+AFNetworking.m */,
				3F6EE4551C9A355000D57BCA /* UIWebView+AFNetworking.h */,
				3F6EE4561C9A355000D57BCA /* UIWebView+AFNetworking.m */,
			);
			path = "UIKit+AFNetworking";
			sourceTree = "<group>";
		};
		3FF0A9FA1C97A95F00D39D67 = {
			isa = PBXGroup;
			children = (
				3FF0AA051C97A95F00D39D67 /* amazingJ */,
				3FF0AA041C97A95F00D39D67 /* Products */,
				D827F16F5A02BC592D111030 /* Pods */,
				DA657EBBB3581404DDD5604E /* Frameworks */,
			);
			sourceTree = "<group>";
		};
		3FF0AA041C97A95F00D39D67 /* Products */ = {
			isa = PBXGroup;
			children = (
				3FF0AA031C97A95F00D39D67 /* amazingJ.app */,
			);
			name = Products;
			sourceTree = "<group>";
		};
		3FF0AA051C97A95F00D39D67 /* amazingJ */ = {
			isa = PBXGroup;
			children = (
				3FF677541C982811008CA359 /* class */,
				3FF0AA061C97A95F00D39D67 /* Supporting Files */,
			);
			path = amazingJ;
			sourceTree = "<group>";
		};
		3FF0AA061C97A95F00D39D67 /* Supporting Files */ = {
			isa = PBXGroup;
			children = (
				3FF0AA201C97CBD900D39D67 /* Assets.xcassets */,
				3FF0AA1A1C97A95F00D39D67 /* Info.plist */,
				3FF0AA121C97A95F00D39D67 /* amazingJ.xcdatamodeld */,
			);
			name = "Supporting Files";
			sourceTree = "<group>";
		};
		3FF677541C982811008CA359 /* class */ = {
			isa = PBXGroup;
			children = (
				3FF677551C982811008CA359 /* Essence */,
				3FF6775B1C982811008CA359 /* FriendTrends */,
				3FF677611C982811008CA359 /* Me */,
				3FF677671C982811008CA359 /* New */,
				3FF6776D1C982811008CA359 /* Other */,
			);
			path = class;
			sourceTree = "<group>";
		};
		3FF677551C982811008CA359 /* Essence */ = {
			isa = PBXGroup;
			children = (
				3FF677561C982811008CA359 /* controller */,
				3FF677591C982811008CA359 /* model */,
				3FF6775A1C982811008CA359 /* view */,
			);
			path = Essence;
			sourceTree = "<group>";
		};
		3FF677561C982811008CA359 /* controller */ = {
			isa = PBXGroup;
			children = (
				3FF677571C982811008CA359 /* HBBEssenceViewController.h */,
				3FF677581C982811008CA359 /* HBBEssenceViewController.m */,
				3FC0F5B41C9D91A900FDEE71 /* HBBRecommendTagsViewController.h */,
				3FC0F5B51C9D91A900FDEE71 /* HBBRecommendTagsViewController.m */,
			);
			path = controller;
			sourceTree = "<group>";
		};
		3FF677591C982811008CA359 /* model */ = {
			isa = PBXGroup;
			children = (
				3FC0F5B71C9D944000FDEE71 /* HBBRecommendTag.h */,
				3FC0F5B81C9D944000FDEE71 /* HBBRecommendTag.m */,
			);
			path = model;
			sourceTree = "<group>";
		};
		3FF6775A1C982811008CA359 /* view */ = {
			isa = PBXGroup;
			children = (
				3F3E3DB41C9E874D003F8BB6 /* HBBRecommandTagCell.h */,
				3F3E3DB51C9E874D003F8BB6 /* HBBRecommandTagCell.m */,
				3F3E3DB61C9E874D003F8BB6 /* HBBRecommandTagCell.xib */,
			);
			path = view;
			sourceTree = "<group>";
		};
		3FF6775B1C982811008CA359 /* FriendTrends */ = {
			isa = PBXGroup;
			children = (
				3FF6775C1C982811008CA359 /* controller */,
				3FF6775F1C982811008CA359 /* model */,
				3FF677601C982811008CA359 /* view */,
			);
			path = FriendTrends;
			sourceTree = "<group>";
		};
		3FF6775C1C982811008CA359 /* controller */ = {
			isa = PBXGroup;
			children = (
				3FF6775D1C982811008CA359 /* HBBFriendTrendsViewController.h */,
				3FF6775E1C982811008CA359 /* HBBFriendTrendsViewController.m */,
				3F6012F21C98478600886A6F /* HBBFriendTrendsViewController.xib */,
				3FC3AAAA1C9937010099D3D1 /* HBBRecomandViewController.h */,
				3FC3AAAB1C9937010099D3D1 /* HBBRecomandViewController.m */,
				3FC3AAAC1C9937010099D3D1 /* HBBRecomandViewController.xib */,
				1990CA411CA2565100CABB94 /* HBBLoginRegisterViewController.h */,
				1990CA421CA2565100CABB94 /* HBBLoginRegisterViewController.m */,
				1990CA431CA2565100CABB94 /* HBBLoginRegisterViewController.xib */,
			);
			path = controller;
			sourceTree = "<group>";
		};
		3FF6775F1C982811008CA359 /* model */ = {
			isa = PBXGroup;
			children = (
				3F6EE4571C9A5A1B00D57BCA /* HBBRecomandCategory.h */,
				3F6EE4581C9A5A1B00D57BCA /* HBBRecomandCategory.m */,
				3F513D181C9AC1CE009FABF9 /* HBBRecommendUser.h */,
				3F513D191C9AC1CE009FABF9 /* HBBRecommendUser.m */,
			);
			path = model;
			sourceTree = "<group>";
		};
		3FF677601C982811008CA359 /* view */ = {
			isa = PBXGroup;
			children = (
				3F6EE45A1C9A5BD600D57BCA /* HBBRecomandCategoryCell.h */,
				3F6EE45B1C9A5BD600D57BCA /* HBBRecomandCategoryCell.m */,
				3F6EE45C1C9A5BD600D57BCA /* HBBRecomandCategoryCell.xib */,
				3F513D131C9AAAEF009FABF9 /* HBBReconmandUserCell.h */,
				3F513D141C9AAAEF009FABF9 /* HBBReconmandUserCell.m */,
				3F513D151C9AAAEF009FABF9 /* HBBReconmandUserCell.xib */,
				1990CA461CA26AED00CABB94 /* HBBVerticalButton.h */,
				1990CA471CA26AED00CABB94 /* HBBVerticalButton.m */,
				1990CA491CA28F7700CABB94 /* HBBPlaceholder.h */,
				1990CA4A1CA28F7700CABB94 /* HBBPlaceholder.m */,
			);
			path = view;
			sourceTree = "<group>";
		};
		3FF677611C982811008CA359 /* Me */ = {
			isa = PBXGroup;
			children = (
				3FF677621C982811008CA359 /* controller */,
				3FF677651C982811008CA359 /* model */,
				3FF677661C982811008CA359 /* view */,
			);
			path = Me;
			sourceTree = "<group>";
		};
		3FF677621C982811008CA359 /* controller */ = {
			isa = PBXGroup;
			children = (
				3FF677631C982811008CA359 /* HBBMeViewController.h */,
				3FF677641C982811008CA359 /* HBBMeViewController.m */,
			);
			path = controller;
			sourceTree = "<group>";
		};
		3FF677651C982811008CA359 /* model */ = {
			isa = PBXGroup;
			children = (
			);
			path = model;
			sourceTree = "<group>";
		};
		3FF677661C982811008CA359 /* view */ = {
			isa = PBXGroup;
			children = (
			);
			path = view;
			sourceTree = "<group>";
		};
		3FF677671C982811008CA359 /* New */ = {
			isa = PBXGroup;
			children = (
				3FF677681C982811008CA359 /* controller */,
				3FF6776B1C982811008CA359 /* model */,
				3FF6776C1C982811008CA359 /* view */,
			);
			path = New;
			sourceTree = "<group>";
		};
		3FF677681C982811008CA359 /* controller */ = {
			isa = PBXGroup;
			children = (
				3FF677691C982811008CA359 /* HBBNewViewController.h */,
				3FF6776A1C982811008CA359 /* HBBNewViewController.m */,
			);
			path = controller;
			sourceTree = "<group>";
		};
		3FF6776B1C982811008CA359 /* model */ = {
			isa = PBXGroup;
			children = (
			);
			path = model;
			sourceTree = "<group>";
		};
		3FF6776C1C982811008CA359 /* view */ = {
			isa = PBXGroup;
			children = (
			);
			path = view;
			sourceTree = "<group>";
		};
		3FF6776D1C982811008CA359 /* Other */ = {
			isa = PBXGroup;
			children = (
				3FF677751C982811008CA359 /* controller */,
				3FF677701C982811008CA359 /* category */,
				3FF6777A1C982811008CA359 /* view */,
				3FF6776E1C982811008CA359 /* AppDelegate.h */,
				3FF6776F1C982811008CA359 /* AppDelegate.m */,
				3FF677781C982811008CA359 /* main.m */,
				3FF677791C982811008CA359 /* PrefixHeader.pch */,
			);
			path = Other;
			sourceTree = "<group>";
		};
		3FF677701C982811008CA359 /* category */ = {
			isa = PBXGroup;
			children = (
				3FF677711C982811008CA359 /* UIBarButtonItem+HBBBarButtonItemExtension.h */,
				3FF677721C982811008CA359 /* UIBarButtonItem+HBBBarButtonItemExtension.m */,
				3FF677731C982811008CA359 /* UIView+HBBPropertyExtension.h */,
				3FF677741C982811008CA359 /* UIView+HBBPropertyExtension.m */,
			);
			path = category;
			sourceTree = "<group>";
		};
		3FF677751C982811008CA359 /* controller */ = {
			isa = PBXGroup;
			children = (
				3FF677761C982811008CA359 /* HBBTabBarController.h */,
				3FF677771C982811008CA359 /* HBBTabBarController.m */,
				3F6012EF1C98327400886A6F /* HBBNavigationController.h */,
				3F6012F01C98327400886A6F /* HBBNavigationController.m */,
			);
			path = controller;
			sourceTree = "<group>";
		};
		3FF6777A1C982811008CA359 /* view */ = {
			isa = PBXGroup;
			children = (
				3FF6777B1C982811008CA359 /* HBBTabBar.h */,
				3FF6777C1C982811008CA359 /* HBBTabBar.m */,
				193F8E281CA3A7C000DB3DBD /* HBBPushGuideView.h */,
				193F8E291CA3A7C000DB3DBD /* HBBPushGuideView.m */,
				193F8E2B1CA3A7D500DB3DBD /* HBBPushGuideView.xib */,
			);
			path = view;
			sourceTree = "<group>";
		};
		D827F16F5A02BC592D111030 /* Pods */ = {
			isa = PBXGroup;
			children = (
				B3881DD64E572B4A27DF9C87 /* Pods.debug.xcconfig */,
				0669AE8223E5404C2B41E9C2 /* Pods.release.xcconfig */,
			);
			name = Pods;
			sourceTree = "<group>";
		};
		DA657EBBB3581404DDD5604E /* Frameworks */ = {
			isa = PBXGroup;
			children = (
				3F6EE4311C9A355000D57BCA /* AFNetworking */,
				9B8460F6B6373B529B360F14 /* libPods.a */,
			);
			name = Frameworks;
			sourceTree = "<group>";
		};
/* End PBXGroup section */

/* Begin PBXNativeTarget section */
		3FF0AA021C97A95F00D39D67 /* amazingJ */ = {
			isa = PBXNativeTarget;
			buildConfigurationList = 3FF0AA1D1C97A95F00D39D67 /* Build configuration list for PBXNativeTarget "amazingJ" */;
			buildPhases = (
				B6EC1B33CCAD0CDC86DFCECD /* Check Pods Manifest.lock */,
				3FF0A9FF1C97A95F00D39D67 /* Sources */,
				3FF0AA001C97A95F00D39D67 /* Frameworks */,
				3FF0AA011C97A95F00D39D67 /* Resources */,
				AA07EEFD059CC6AA969A929A /* Embed Pods Frameworks */,
				BF50D7C254C04D8F61C7E5D6 /* Copy Pods Resources */,
			);
			buildRules = (
			);
			dependencies = (
			);
			name = amazingJ;
			productName = amazingJ;
			productReference = 3FF0AA031C97A95F00D39D67 /* amazingJ.app */;
			productType = "com.apple.product-type.application";
		};
/* End PBXNativeTarget section */

/* Begin PBXProject section */
		3FF0A9FB1C97A95F00D39D67 /* Project object */ = {
			isa = PBXProject;
			attributes = {
				CLASSPREFIX = HBB;
				LastUpgradeCheck = 0720;
				ORGANIZATIONNAME = HBB;
				TargetAttributes = {
					3FF0AA021C97A95F00D39D67 = {
						CreatedOnToolsVersion = 7.2.1;
						DevelopmentTeam = K2G752ZV7W;
					};
				};
			};
			buildConfigurationList = 3FF0A9FE1C97A95F00D39D67 /* Build configuration list for PBXProject "amazingJ" */;
			compatibilityVersion = "Xcode 3.2";
			developmentRegion = English;
			hasScannedForEncodings = 0;
			knownRegions = (
				en,
				Base,
			);
			mainGroup = 3FF0A9FA1C97A95F00D39D67;
			productRefGroup = 3FF0AA041C97A95F00D39D67 /* Products */;
			projectDirPath = "";
			projectRoot = "";
			targets = (
				3FF0AA021C97A95F00D39D67 /* amazingJ */,
			);
		};
/* End PBXProject section */

/* Begin PBXResourcesBuildPhase section */
		3FF0AA011C97A95F00D39D67 /* Resources */ = {
			isa = PBXResourcesBuildPhase;
			buildActionMask = 2147483647;
			files = (
				3F3E3DB81C9E874D003F8BB6 /* HBBRecommandTagCell.xib in Resources */,
				3FF0AA211C97CBD900D39D67 /* Assets.xcassets in Resources */,
				193F8E2C1CA3A7D500DB3DBD /* HBBPushGuideView.xib in Resources */,
				3F6012F31C98478600886A6F /* HBBFriendTrendsViewController.xib in Resources */,
				1990CA451CA2565100CABB94 /* HBBLoginRegisterViewController.xib in Resources */,
				3FC3AAAE1C9937010099D3D1 /* HBBRecomandViewController.xib in Resources */,
				3F513D171C9AAAEF009FABF9 /* HBBReconmandUserCell.xib in Resources */,
				3F6EE45E1C9A5BD600D57BCA /* HBBRecomandCategoryCell.xib in Resources */,
			);
			runOnlyForDeploymentPostprocessing = 0;
		};
/* End PBXResourcesBuildPhase section */

/* Begin PBXShellScriptBuildPhase section */
		AA07EEFD059CC6AA969A929A /* Embed Pods Frameworks */ = {
			isa = PBXShellScriptBuildPhase;
			buildActionMask = 2147483647;
			files = (
			);
			inputPaths = (
			);
			name = "Embed Pods Frameworks";
			outputPaths = (
			);
			runOnlyForDeploymentPostprocessing = 0;
			shellPath = /bin/sh;
			shellScript = "\"${SRCROOT}/Pods/Target Support Files/Pods/Pods-frameworks.sh\"\n";
			showEnvVarsInLog = 0;
		};
		B6EC1B33CCAD0CDC86DFCECD /* Check Pods Manifest.lock */ = {
			isa = PBXShellScriptBuildPhase;
			buildActionMask = 2147483647;
			files = (
			);
			inputPaths = (
			);
			name = "Check Pods Manifest.lock";
			outputPaths = (
			);
			runOnlyForDeploymentPostprocessing = 0;
			shellPath = /bin/sh;
			shellScript = "diff \"${PODS_ROOT}/../Podfile.lock\" \"${PODS_ROOT}/Manifest.lock\" > /dev/null\nif [[ $? != 0 ]] ; then\n    cat << EOM\nerror: The sandbox is not in sync with the Podfile.lock. Run 'pod install' or update your CocoaPods installation.\nEOM\n    exit 1\nfi\n";
			showEnvVarsInLog = 0;
		};
		BF50D7C254C04D8F61C7E5D6 /* Copy Pods Resources */ = {
			isa = PBXShellScriptBuildPhase;
			buildActionMask = 2147483647;
			files = (
			);
			inputPaths = (
			);
			name = "Copy Pods Resources";
			outputPaths = (
			);
			runOnlyForDeploymentPostprocessing = 0;
			shellPath = /bin/sh;
			shellScript = "\"${SRCROOT}/Pods/Target Support Files/Pods/Pods-resources.sh\"\n";
			showEnvVarsInLog = 0;
		};
/* End PBXShellScriptBuildPhase section */

/* Begin PBXSourcesBuildPhase section */
		3FF0A9FF1C97A95F00D39D67 /* Sources */ = {
			isa = PBXSourcesBuildPhase;
			buildActionMask = 2147483647;
			files = (
				3F6012F11C98327400886A6F /* HBBNavigationController.m in Sources */,
				3FC3AAAD1C9937010099D3D1 /* HBBRecomandViewController.m in Sources */,
				3FF677851C982811008CA359 /* main.m in Sources */,
				3F513D161C9AAAEF009FABF9 /* HBBReconmandUserCell.m in Sources */,
				1990CA4B1CA28F7700CABB94 /* HBBPlaceholder.m in Sources */,
				3FC0F5B61C9D91A900FDEE71 /* HBBRecommendTagsViewController.m in Sources */,
				3FF677821C982811008CA359 /* UIBarButtonItem+HBBBarButtonItemExtension.m in Sources */,
				3FF6777D1C982811008CA359 /* HBBEssenceViewController.m in Sources */,
				3FF677861C982811008CA359 /* HBBTabBar.m in Sources */,
				3F6EE45D1C9A5BD600D57BCA /* HBBRecomandCategoryCell.m in Sources */,
				193F8E2A1CA3A7C000DB3DBD /* HBBPushGuideView.m in Sources */,
				3FF677831C982811008CA359 /* UIView+HBBPropertyExtension.m in Sources */,
				3F3E3DB71C9E874D003F8BB6 /* HBBRecommandTagCell.m in Sources */,
				1990CA441CA2565100CABB94 /* HBBLoginRegisterViewController.m in Sources */,
				3FF6777F1C982811008CA359 /* HBBMeViewController.m in Sources */,
				3F513D1A1C9AC1CE009FABF9 /* HBBRecommendUser.m in Sources */,
				3FF677811C982811008CA359 /* AppDelegate.m in Sources */,
				3F6EE4591C9A5A1B00D57BCA /* HBBRecomandCategory.m in Sources */,
				3FC0F5B91C9D944000FDEE71 /* HBBRecommendTag.m in Sources */,
				3FF677801C982811008CA359 /* HBBNewViewController.m in Sources */,
				3FF677841C982811008CA359 /* HBBTabBarController.m in Sources */,
				3FF0AA141C97A95F00D39D67 /* amazingJ.xcdatamodeld in Sources */,
				1990CA481CA26AED00CABB94 /* HBBVerticalButton.m in Sources */,
				3FF6777E1C982811008CA359 /* HBBFriendTrendsViewController.m in Sources */,
			);
			runOnlyForDeploymentPostprocessing = 0;
		};
/* End PBXSourcesBuildPhase section */

/* Begin XCBuildConfiguration section */
		3FF0AA1B1C97A95F00D39D67 /* Debug */ = {
			isa = XCBuildConfiguration;
			buildSettings = {
				ALWAYS_SEARCH_USER_PATHS = NO;
				CLANG_CXX_LANGUAGE_STANDARD = "gnu++0x";
				CLANG_CXX_LIBRARY = "libc++";
				CLANG_ENABLE_MODULES = YES;
				CLANG_ENABLE_OBJC_ARC = YES;
				CLANG_WARN_BOOL_CONVERSION = YES;
				CLANG_WARN_CONSTANT_CONVERSION = YES;
				CLANG_WARN_DIRECT_OBJC_ISA_USAGE = YES_ERROR;
				CLANG_WARN_EMPTY_BODY = YES;
				CLANG_WARN_ENUM_CONVERSION = YES;
				CLANG_WARN_INT_CONVERSION = YES;
				CLANG_WARN_OBJC_ROOT_CLASS = YES_ERROR;
				CLANG_WARN_UNREACHABLE_CODE = YES;
				CLANG_WARN__DUPLICATE_METHOD_MATCH = YES;
				"CODE_SIGN_IDENTITY[sdk=iphoneos*]" = "iPhone Developer";
				COPY_PHASE_STRIP = NO;
				DEBUG_INFORMATION_FORMAT = dwarf;
				ENABLE_STRICT_OBJC_MSGSEND = YES;
				ENABLE_TESTABILITY = YES;
				GCC_C_LANGUAGE_STANDARD = gnu99;
				GCC_DYNAMIC_NO_PIC = NO;
				GCC_NO_COMMON_BLOCKS = YES;
				GCC_OPTIMIZATION_LEVEL = 0;
				GCC_PREPROCESSOR_DEFINITIONS = (
					"DEBUG=1",
					"$(inherited)",
				);
				GCC_WARN_64_TO_32_BIT_CONVERSION = YES;
				GCC_WARN_ABOUT_RETURN_TYPE = YES_ERROR;
				GCC_WARN_UNDECLARED_SELECTOR = YES;
				GCC_WARN_UNINITIALIZED_AUTOS = YES_AGGRESSIVE;
				GCC_WARN_UNUSED_FUNCTION = YES;
				GCC_WARN_UNUSED_VARIABLE = YES;
				IPHONEOS_DEPLOYMENT_TARGET = 9.2;
				MTL_ENABLE_DEBUG_INFO = YES;
				ONLY_ACTIVE_ARCH = YES;
				SDKROOT = iphoneos;
			};
			name = Debug;
		};
		3FF0AA1C1C97A95F00D39D67 /* Release */ = {
			isa = XCBuildConfiguration;
			buildSettings = {
				ALWAYS_SEARCH_USER_PATHS = NO;
				CLANG_CXX_LANGUAGE_STANDARD = "gnu++0x";
				CLANG_CXX_LIBRARY = "libc++";
				CLANG_ENABLE_MODULES = YES;
				CLANG_ENABLE_OBJC_ARC = YES;
				CLANG_WARN_BOOL_CONVERSION = YES;
				CLANG_WARN_CONSTANT_CONVERSION = YES;
				CLANG_WARN_DIRECT_OBJC_ISA_USAGE = YES_ERROR;
				CLANG_WARN_EMPTY_BODY = YES;
				CLANG_WARN_ENUM_CONVERSION = YES;
				CLANG_WARN_INT_CONVERSION = YES;
				CLANG_WARN_OBJC_ROOT_CLASS = YES_ERROR;
				CLANG_WARN_UNREACHABLE_CODE = YES;
				CLANG_WARN__DUPLICATE_METHOD_MATCH = YES;
				"CODE_SIGN_IDENTITY[sdk=iphoneos*]" = "iPhone Developer";
				COPY_PHASE_STRIP = NO;
				DEBUG_INFORMATION_FORMAT = "dwarf-with-dsym";
				ENABLE_NS_ASSERTIONS = NO;
				ENABLE_STRICT_OBJC_MSGSEND = YES;
				GCC_C_LANGUAGE_STANDARD = gnu99;
				GCC_NO_COMMON_BLOCKS = YES;
				GCC_WARN_64_TO_32_BIT_CONVERSION = YES;
				GCC_WARN_ABOUT_RETURN_TYPE = YES_ERROR;
				GCC_WARN_UNDECLARED_SELECTOR = YES;
				GCC_WARN_UNINITIALIZED_AUTOS = YES_AGGRESSIVE;
				GCC_WARN_UNUSED_FUNCTION = YES;
				GCC_WARN_UNUSED_VARIABLE = YES;
				IPHONEOS_DEPLOYMENT_TARGET = 9.2;
				MTL_ENABLE_DEBUG_INFO = NO;
				SDKROOT = iphoneos;
				VALIDATE_PRODUCT = YES;
			};
			name = Release;
		};
		3FF0AA1E1C97A95F00D39D67 /* Debug */ = {
			isa = XCBuildConfiguration;
			baseConfigurationReference = B3881DD64E572B4A27DF9C87 /* Pods.debug.xcconfig */;
			buildSettings = {
				ASSETCATALOG_COMPILER_APPICON_NAME = AppIcon;
				ASSETCATALOG_COMPILER_LAUNCHIMAGE_NAME = "Brand Assets";
				GCC_PREFIX_HEADER = amazingJ/class/Other/PrefixHeader.pch;
				INFOPLIST_FILE = amazingJ/Info.plist;
				LD_RUNPATH_SEARCH_PATHS = "$(inherited) @executable_path/Frameworks";
				PRODUCT_BUNDLE_IDENTIFIER = HBB.amazingJ;
				PRODUCT_NAME = "$(TARGET_NAME)";
			};
			name = Debug;
		};
		3FF0AA1F1C97A95F00D39D67 /* Release */ = {
			isa = XCBuildConfiguration;
			baseConfigurationReference = 0669AE8223E5404C2B41E9C2 /* Pods.release.xcconfig */;
			buildSettings = {
				ASSETCATALOG_COMPILER_APPICON_NAME = AppIcon;
				ASSETCATALOG_COMPILER_LAUNCHIMAGE_NAME = "Brand Assets";
				GCC_PREFIX_HEADER = amazingJ/class/Other/PrefixHeader.pch;
				INFOPLIST_FILE = amazingJ/Info.plist;
				LD_RUNPATH_SEARCH_PATHS = "$(inherited) @executable_path/Frameworks";
				PRODUCT_BUNDLE_IDENTIFIER = HBB.amazingJ;
				PRODUCT_NAME = "$(TARGET_NAME)";
			};
			name = Release;
		};
/* End XCBuildConfiguration section */

/* Begin XCConfigurationList section */
		3FF0A9FE1C97A95F00D39D67 /* Build configuration list for PBXProject "amazingJ" */ = {
			isa = XCConfigurationList;
			buildConfigurations = (
				3FF0AA1B1C97A95F00D39D67 /* Debug */,
				3FF0AA1C1C97A95F00D39D67 /* Release */,
			);
			defaultConfigurationIsVisible = 0;
			defaultConfigurationName = Release;
		};
		3FF0AA1D1C97A95F00D39D67 /* Build configuration list for PBXNativeTarget "amazingJ" */ = {
			isa = XCConfigurationList;
			buildConfigurations = (
				3FF0AA1E1C97A95F00D39D67 /* Debug */,
				3FF0AA1F1C97A95F00D39D67 /* Release */,
			);
			defaultConfigurationIsVisible = 0;
			defaultConfigurationName = Release;
		};
/* End XCConfigurationList section */

/* Begin XCVersionGroup section */
		3FF0AA121C97A95F00D39D67 /* amazingJ.xcdatamodeld */ = {
			isa = XCVersionGroup;
			children = (
				3FF0AA131C97A95F00D39D67 /* amazingJ.xcdatamodel */,
			);
			currentVersion = 3FF0AA131C97A95F00D39D67 /* amazingJ.xcdatamodel */;
			path = amazingJ.xcdatamodeld;
			sourceTree = "<group>";
			versionGroupType = wrapper.xcdatamodel;
		};
/* End XCVersionGroup section */
	};
	rootObject = 3FF0A9FB1C97A95F00D39D67 /* Project object */;
}
